// !$*UTF8*$!
{
	archiveVersion = 1;
	classes = {
	};
	objectVersion = 46;
	objects = {

/* Begin PBXBuildFile section */
		0401842F18499DCB00ECEFFE /* LoginViewController.m in Sources */ = {isa = PBXBuildFile; fileRef = 0401842E18499DCB00ECEFFE /* LoginViewController.m */; };
		040184321849A03F00ECEFFE /* SignUpViewController.m in Sources */ = {isa = PBXBuildFile; fileRef = 040184311849A03F00ECEFFE /* SignUpViewController.m */; };
		040184351849A65D00ECEFFE /* MyProgramViewController.m in Sources */ = {isa = PBXBuildFile; fileRef = 040184341849A65D00ECEFFE /* MyProgramViewController.m */; };
		040184381849A7C300ECEFFE /* Recommendatons.m in Sources */ = {isa = PBXBuildFile; fileRef = 040184371849A7C300ECEFFE /* Recommendatons.m */; };
		0401843B1849AB6F00ECEFFE /* UIAlertView+Blocks.m in Sources */ = {isa = PBXBuildFile; fileRef = 0401843A1849AB6F00ECEFFE /* UIAlertView+Blocks.m */; };
		0401843E1849AFC100ECEFFE /* MyScheduleViewController.m in Sources */ = {isa = PBXBuildFile; fileRef = 0401843D1849AFC100ECEFFE /* MyScheduleViewController.m */; };
		040184411849B07F00ECEFFE /* MyReadingListViewController.m in Sources */ = {isa = PBXBuildFile; fileRef = 040184401849B07F00ECEFFE /* MyReadingListViewController.m */; };
		0408DF4F1827CC0B006E3900 /* User.m in Sources */ = {isa = PBXBuildFile; fileRef = 0408DF4E1827CC0B006E3900 /* User.m */; };
		040BFB7B184C349D009FB2CA /* BookMarkItem.m in Sources */ = {isa = PBXBuildFile; fileRef = 040BFB7A184C349D009FB2CA /* BookMarkItem.m */; };
		046510571845F4AE001DCB26 /* libsqlite3.dylib in Frameworks */ = {isa = PBXBuildFile; fileRef = 046510561845F4AE001DCB26 /* libsqlite3.dylib */; };
		0465105E1845F4BC001DCB26 /* LKDaoBase.m in Sources */ = {isa = PBXBuildFile; fileRef = 0465105C1845F4BC001DCB26 /* LKDaoBase.m */; };
		046510611846594D001DCB26 /* SessionListViewController.m in Sources */ = {isa = PBXBuildFile; fileRef = 046510601846594D001DCB26 /* SessionListViewController.m */; };
		0465106418466B6E001DCB26 /* SessionDetailListViewController.m in Sources */ = {isa = PBXBuildFile; fileRef = 0465106318466B6E001DCB26 /* SessionDetailListViewController.m */; };
		046E3CD9184CACB90037F99C /* NSData-SQLitePersistence.m in Sources */ = {isa = PBXBuildFile; fileRef = 046E3CBA184CACB90037F99C /* NSData-SQLitePersistence.m */; settings = {COMPILER_FLAGS = "-fno-objc-arc"; }; };
		046E3CDA184CACB90037F99C /* NSDate-SQLitePersistence.m in Sources */ = {isa = PBXBuildFile; fileRef = 046E3CBC184CACB90037F99C /* NSDate-SQLitePersistence.m */; settings = {COMPILER_FLAGS = "-fno-objc-arc"; }; };
		046E3CDB184CACB90037F99C /* NSMutableArray-MultipleSort.m in Sources */ = {isa = PBXBuildFile; fileRef = 046E3CBE184CACB90037F99C /* NSMutableArray-MultipleSort.m */; settings = {COMPILER_FLAGS = "-fno-objc-arc"; }; };
		046E3CDC184CACB90037F99C /* NSMutableData-SQLitePersistence.m in Sources */ = {isa = PBXBuildFile; fileRef = 046E3CC0184CACB90037F99C /* NSMutableData-SQLitePersistence.m */; settings = {COMPILER_FLAGS = "-fno-objc-arc"; }; };
		046E3CDD184CACB90037F99C /* NSNumber-SQLitePersistence.m in Sources */ = {isa = PBXBuildFile; fileRef = 046E3CC2184CACB90037F99C /* NSNumber-SQLitePersistence.m */; settings = {COMPILER_FLAGS = "-fno-objc-arc"; }; };
		046E3CDE184CACB90037F99C /* NSObject-ClassName.m in Sources */ = {isa = PBXBuildFile; fileRef = 046E3CC4184CACB90037F99C /* NSObject-ClassName.m */; settings = {COMPILER_FLAGS = "-fno-objc-arc"; }; };
		046E3CDF184CACB90037F99C /* NSObject-MissingKV.m in Sources */ = {isa = PBXBuildFile; fileRef = 046E3CC6184CACB90037F99C /* NSObject-MissingKV.m */; settings = {COMPILER_FLAGS = "-fno-objc-arc"; }; };
		046E3CE0184CACB90037F99C /* NSObject-SQLitePersistence.m in Sources */ = {isa = PBXBuildFile; fileRef = 046E3CC8184CACB90037F99C /* NSObject-SQLitePersistence.m */; settings = {COMPILER_FLAGS = "-fno-objc-arc"; }; };
		046E3CE1184CACB90037F99C /* NSString-NumberStuff.m in Sources */ = {isa = PBXBuildFile; fileRef = 046E3CCA184CACB90037F99C /* NSString-NumberStuff.m */; settings = {COMPILER_FLAGS = "-fno-objc-arc"; }; };
		046E3CE2184CACB90037F99C /* NSString-SQLiteColumnName.m in Sources */ = {isa = PBXBuildFile; fileRef = 046E3CCC184CACB90037F99C /* NSString-SQLiteColumnName.m */; settings = {COMPILER_FLAGS = "-fno-objc-arc"; }; };
		046E3CE3184CACB90037F99C /* NSString-SQLitePersistence.m in Sources */ = {isa = PBXBuildFile; fileRef = 046E3CCE184CACB90037F99C /* NSString-SQLitePersistence.m */; settings = {COMPILER_FLAGS = "-fno-objc-arc"; }; };
		046E3CE4184CACB90037F99C /* NSString-UppercaseFirst.m in Sources */ = {isa = PBXBuildFile; fileRef = 046E3CD0184CACB90037F99C /* NSString-UppercaseFirst.m */; settings = {COMPILER_FLAGS = "-fno-objc-arc"; }; };
		046E3CE5184CACB90037F99C /* SQLiteInstanceManager.m in Sources */ = {isa = PBXBuildFile; fileRef = 046E3CD2184CACB90037F99C /* SQLiteInstanceManager.m */; settings = {COMPILER_FLAGS = "-fno-objc-arc"; }; };
		046E3CE6184CACB90037F99C /* SQLitePersistentObject.m in Sources */ = {isa = PBXBuildFile; fileRef = 046E3CD4184CACB90037F99C /* SQLitePersistentObject.m */; settings = {COMPILER_FLAGS = "-fno-objc-arc"; }; };
		046E3CE7184CACB90037F99C /* UIColor-SQLitePersistentObject.m in Sources */ = {isa = PBXBuildFile; fileRef = 046E3CD6184CACB90037F99C /* UIColor-SQLitePersistentObject.m */; settings = {COMPILER_FLAGS = "-fno-objc-arc"; }; };
		046E3CE8184CACB90037F99C /* UIImage-SQLitePersistence.m in Sources */ = {isa = PBXBuildFile; fileRef = 046E3CD8184CACB90037F99C /* UIImage-SQLitePersistence.m */; settings = {COMPILER_FLAGS = "-fno-objc-arc"; }; };
		047EC1731845F30500E43F1B /* FMDatabase.m in Sources */ = {isa = PBXBuildFile; fileRef = 047EC16A1845F30500E43F1B /* FMDatabase.m */; };
		047EC1741845F30500E43F1B /* FMDatabaseAdditions.m in Sources */ = {isa = PBXBuildFile; fileRef = 047EC16C1845F30500E43F1B /* FMDatabaseAdditions.m */; };
		047EC1751845F30500E43F1B /* FMDatabasePool.m in Sources */ = {isa = PBXBuildFile; fileRef = 047EC16E1845F30500E43F1B /* FMDatabasePool.m */; };
		047EC1761845F30500E43F1B /* FMDatabaseQueue.m in Sources */ = {isa = PBXBuildFile; fileRef = 047EC1701845F30500E43F1B /* FMDatabaseQueue.m */; };
		047EC1771845F30500E43F1B /* FMResultSet.m in Sources */ = {isa = PBXBuildFile; fileRef = 047EC1721845F30500E43F1B /* FMResultSet.m */; };
		047EC17B1845F34500E43F1B /* SandboxFile.m in Sources */ = {isa = PBXBuildFile; fileRef = 047EC17A1845F34500E43F1B /* SandboxFile.m */; };
		049F3E5E184848D900B10217 /* RecomentItem.m in Sources */ = {isa = PBXBuildFile; fileRef = 049F3E5D184848D900B10217 /* RecomentItem.m */; };
		049F3E6118484F0A00B10217 /* ContentSummaryCell.m in Sources */ = {isa = PBXBuildFile; fileRef = 049F3E6018484F0A00B10217 /* ContentSummaryCell.m */; };
		049F3E6418485C9E00B10217 /* AuthorDetailViewController.m in Sources */ = {isa = PBXBuildFile; fileRef = 049F3E6318485C9E00B10217 /* AuthorDetailViewController.m */; };
		049F3E671848658100B10217 /* ProceedingViewController.m in Sources */ = {isa = PBXBuildFile; fileRef = 049F3E661848658100B10217 /* ProceedingViewController.m */; };
		049F3E6A1848695800B10217 /* StringHelper.m in Sources */ = {isa = PBXBuildFile; fileRef = 049F3E691848695800B10217 /* StringHelper.m */; };
		049F3E6D1848850900B10217 /* AuthorListViewController.m in Sources */ = {isa = PBXBuildFile; fileRef = 049F3E6C1848850900B10217 /* AuthorListViewController.m */; };
		04A399401847011300584E66 /* ContentDetailViewController.m in Sources */ = {isa = PBXBuildFile; fileRef = 04A3993F1847011300584E66 /* ContentDetailViewController.m */; };
		04A399591847025F00584E66 /* MRBlurView.m in Sources */ = {isa = PBXBuildFile; fileRef = 04A399441847025F00584E66 /* MRBlurView.m */; };
		04A3995A1847025F00584E66 /* UIImage+MRImageEffects.m in Sources */ = {isa = PBXBuildFile; fileRef = 04A399461847025F00584E66 /* UIImage+MRImageEffects.m */; };
		04A3995B1847025F00584E66 /* MRActivityIndicatorView.m in Sources */ = {isa = PBXBuildFile; fileRef = 04A399491847025F00584E66 /* MRActivityIndicatorView.m */; };
		04A3995C1847025F00584E66 /* MRCircularProgressView.m in Sources */ = {isa = PBXBuildFile; fileRef = 04A3994B1847025F00584E66 /* MRCircularProgressView.m */; };
		04A3995D1847025F00584E66 /* MRIconView.m in Sources */ = {isa = PBXBuildFile; fileRef = 04A3994D1847025F00584E66 /* MRIconView.m */; };
		04A3995E1847025F00584E66 /* MRNavigationBarProgressView.m in Sources */ = {isa = PBXBuildFile; fileRef = 04A3994F1847025F00584E66 /* MRNavigationBarProgressView.m */; };
		04A3995F1847025F00584E66 /* MRProgressOverlayView.m in Sources */ = {isa = PBXBuildFile; fileRef = 04A399511847025F00584E66 /* MRProgressOverlayView.m */; };
		04A399601847025F00584E66 /* MRMessageInterceptor.m in Sources */ = {isa = PBXBuildFile; fileRef = 04A399551847025F00584E66 /* MRMessageInterceptor.m */; };
		04A399611847025F00584E66 /* MRWeakProxy.m in Sources */ = {isa = PBXBuildFile; fileRef = 04A399581847025F00584E66 /* MRWeakProxy.m */; };
		04A876ED184E22F3006C46EF /* RatingView.m in Sources */ = {isa = PBXBuildFile; fileRef = 04A876EC184E22F3006C46EF /* RatingView.m */; };
		04A876F1184E2330006C46EF /* 0.png in Resources */ = {isa = PBXBuildFile; fileRef = 04A876EE184E2330006C46EF /* 0.png */; };
		04A876F2184E2330006C46EF /* 1.png in Resources */ = {isa = PBXBuildFile; fileRef = 04A876EF184E2330006C46EF /* 1.png */; };
		04A876F3184E2330006C46EF /* 2.png in Resources */ = {isa = PBXBuildFile; fileRef = 04A876F0184E2330006C46EF /* 2.png */; };
		04A9F8881849E42000D530D3 /* NSObject+Alert.m in Sources */ = {isa = PBXBuildFile; fileRef = 04A9F8871849E42000D530D3 /* NSObject+Alert.m */; };
		04A9F88B1849F9A700D530D3 /* RecomendationItem.m in Sources */ = {isa = PBXBuildFile; fileRef = 04A9F88A1849F9A700D530D3 /* RecomendationItem.m */; };
		04D72312181F5F810015BBD6 /* Foundation.framework in Frameworks */ = {isa = PBXBuildFile; fileRef = 04D72311181F5F810015BBD6 /* Foundation.framework */; };
		04D72314181F5F810015BBD6 /* CoreGraphics.framework in Frameworks */ = {isa = PBXBuildFile; fileRef = 04D72313181F5F810015BBD6 /* CoreGraphics.framework */; };
		04D72316181F5F810015BBD6 /* UIKit.framework in Frameworks */ = {isa = PBXBuildFile; fileRef = 04D72315181F5F810015BBD6 /* UIKit.framework */; };
		04D72318181F5F810015BBD6 /* CoreData.framework in Frameworks */ = {isa = PBXBuildFile; fileRef = 04D72317181F5F810015BBD6 /* CoreData.framework */; };
		04D7231E181F5F810015BBD6 /* InfoPlist.strings in Resources */ = {isa = PBXBuildFile; fileRef = 04D7231C181F5F810015BBD6 /* InfoPlist.strings */; };
		04D72320181F5F810015BBD6 /* main.m in Sources */ = {isa = PBXBuildFile; fileRef = 04D7231F181F5F810015BBD6 /* main.m */; };
		04D72324181F5F810015BBD6 /* AppDelegate.m in Sources */ = {isa = PBXBuildFile; fileRef = 04D72323181F5F810015BBD6 /* AppDelegate.m */; };
		04D72332181F5F810015BBD6 /* Images.xcassets in Resources */ = {isa = PBXBuildFile; fileRef = 04D72331181F5F810015BBD6 /* Images.xcassets */; };
		04D72339181F5F810015BBD6 /* XCTest.framework in Frameworks */ = {isa = PBXBuildFile; fileRef = 04D72338181F5F810015BBD6 /* XCTest.framework */; };
		04D7233A181F5F810015BBD6 /* Foundation.framework in Frameworks */ = {isa = PBXBuildFile; fileRef = 04D72311181F5F810015BBD6 /* Foundation.framework */; };
		04D7233B181F5F810015BBD6 /* UIKit.framework in Frameworks */ = {isa = PBXBuildFile; fileRef = 04D72315181F5F810015BBD6 /* UIKit.framework */; };
		04D7233C181F5F810015BBD6 /* CoreData.framework in Frameworks */ = {isa = PBXBuildFile; fileRef = 04D72317181F5F810015BBD6 /* CoreData.framework */; };
		04D72344181F5F810015BBD6 /* InfoPlist.strings in Resources */ = {isa = PBXBuildFile; fileRef = 04D72342181F5F810015BBD6 /* InfoPlist.strings */; };
		04D72346181F5F810015BBD6 /* EC_TELTests.m in Sources */ = {isa = PBXBuildFile; fileRef = 04D72345181F5F810015BBD6 /* EC_TELTests.m */; };
		04D7235A181F61AD0015BBD6 /* MBProgressHUD.m in Sources */ = {isa = PBXBuildFile; fileRef = 04D72351181F61AD0015BBD6 /* MBProgressHUD.m */; };
		04D7235B181F61AD0015BBD6 /* NetUtil.m in Sources */ = {isa = PBXBuildFile; fileRef = 04D72353181F61AD0015BBD6 /* NetUtil.m */; };
		04D7235C181F61AD0015BBD6 /* NSDataAdditions.m in Sources */ = {isa = PBXBuildFile; fileRef = 04D72355181F61AD0015BBD6 /* NSDataAdditions.m */; settings = {COMPILER_FLAGS = "-fno-objc-arc"; }; };
		04D7235D181F61AD0015BBD6 /* Reachability.m in Sources */ = {isa = PBXBuildFile; fileRef = 04D72357181F61AD0015BBD6 /* Reachability.m */; settings = {COMPILER_FLAGS = "-fno-objc-arc"; }; };
		04D7235E181F61AD0015BBD6 /* TBXML.m in Sources */ = {isa = PBXBuildFile; fileRef = 04D72359181F61AD0015BBD6 /* TBXML.m */; settings = {COMPILER_FLAGS = "-fno-objc-arc"; }; };
		04D72360181F61F30015BBD6 /* libz.1.2.5.dylib in Frameworks */ = {isa = PBXBuildFile; fileRef = 04D7235F181F61F30015BBD6 /* libz.1.2.5.dylib */; };
		04E8F97618227E3E00A5576F /* EC_TEL.storyboard in Resources */ = {isa = PBXBuildFile; fileRef = 04E8F97518227E3E00A5576F /* EC_TEL.storyboard */; };
		04E8F98D1822956800A5576F /* 137-presentation.png in Resources */ = {isa = PBXBuildFile; fileRef = 04E8F9781822956700A5576F /* 137-presentation.png */; };
		04E8F98E1822956800A5576F /* 28-star.png in Resources */ = {isa = PBXBuildFile; fileRef = 04E8F9791822956700A5576F /* 28-star.png */; };
		04E8F98F1822956800A5576F /* 37x-Checkmark.png in Resources */ = {isa = PBXBuildFile; fileRef = 04E8F97A1822956800A5576F /* 37x-Checkmark.png */; };
		04E8F9901822956800A5576F /* 37x-Checkmark@2x.png in Resources */ = {isa = PBXBuildFile; fileRef = 04E8F97B1822956800A5576F /* 37x-Checkmark@2x.png */; };
		04E8F9911822956800A5576F /* 58-bookmark.png in Resources */ = {isa = PBXBuildFile; fileRef = 04E8F97C1822956800A5576F /* 58-bookmark.png */; };
		04E8F9921822956800A5576F /* 96-book.png in Resources */ = {isa = PBXBuildFile; fileRef = 04E8F97D1822956800A5576F /* 96-book.png */; };
		04E8F9931822956800A5576F /* avatar.png in Resources */ = {isa = PBXBuildFile; fileRef = 04E8F97E1822956800A5576F /* avatar.png */; };
		04E8F9941822956800A5576F /* banner.png in Resources */ = {isa = PBXBuildFile; fileRef = 04E8F97F1822956800A5576F /* banner.png */; };
		04E8F9951822956800A5576F /* calendar_add.png in Resources */ = {isa = PBXBuildFile; fileRef = 04E8F9801822956800A5576F /* calendar_add.png */; };
		04E8F9961822956800A5576F /* calendar_delete.png in Resources */ = {isa = PBXBuildFile; fileRef = 04E8F9811822956800A5576F /* calendar_delete.png */; };
		04E8F9971822956800A5576F /* Default.png in Resources */ = {isa = PBXBuildFile; fileRef = 04E8F9821822956800A5576F /* Default.png */; };
		04E8F9981822956800A5576F /* group.png in Resources */ = {isa = PBXBuildFile; fileRef = 04E8F9831822956800A5576F /* group.png */; };
		04E8F9991822956800A5576F /* info_20.png in Resources */ = {isa = PBXBuildFile; fileRef = 04E8F9841822956800A5576F /* info_20.png */; };
		04E8F99A1822956800A5576F /* mobile_512_icon_iphone.jpg in Resources */ = {isa = PBXBuildFile; fileRef = 04E8F9851822956800A5576F /* mobile_512_icon_iphone.jpg */; };
		04E8F99B1822956800A5576F /* myschedule.png in Resources */ = {isa = PBXBuildFile; fileRef = 04E8F9861822956800A5576F /* myschedule.png */; };
		04E8F99C1822956800A5576F /* share_blue.png in Resources */ = {isa = PBXBuildFile; fileRef = 04E8F9871822956800A5576F /* share_blue.png */; };
		04E8F99D1822956800A5576F /* star_add2.png in Resources */ = {isa = PBXBuildFile; fileRef = 04E8F9881822956800A5576F /* star_add2.png */; };
		04E8F99E1822956800A5576F /* star_delete2.png in Resources */ = {isa = PBXBuildFile; fileRef = 04E8F9891822956800A5576F /* star_delete2.png */; };
		04E8F99F1822956800A5576F /* tags.png in Resources */ = {isa = PBXBuildFile; fileRef = 04E8F98A1822956800A5576F /* tags.png */; };
		04E8F9A01822956800A5576F /* thumb-25.png in Resources */ = {isa = PBXBuildFile; fileRef = 04E8F98B1822956800A5576F /* thumb-25.png */; };
		04E8F9A11822956800A5576F /* thumbsup.png in Resources */ = {isa = PBXBuildFile; fileRef = 04E8F98C1822956800A5576F /* thumbsup.png */; };
		04E8F9C818231CCB00A5576F /* AFHTTPRequestOperation.m in Sources */ = {isa = PBXBuildFile; fileRef = 04E8F9A618231CCB00A5576F /* AFHTTPRequestOperation.m */; };
		04E8F9C918231CCB00A5576F /* AFHTTPRequestOperationManager.m in Sources */ = {isa = PBXBuildFile; fileRef = 04E8F9A818231CCB00A5576F /* AFHTTPRequestOperationManager.m */; };
		04E8F9CA18231CCB00A5576F /* AFHTTPSessionManager.m in Sources */ = {isa = PBXBuildFile; fileRef = 04E8F9AA18231CCB00A5576F /* AFHTTPSessionManager.m */; };
		04E8F9CB18231CCB00A5576F /* AFNetworkReachabilityManager.m in Sources */ = {isa = PBXBuildFile; fileRef = 04E8F9AD18231CCB00A5576F /* AFNetworkReachabilityManager.m */; };
		04E8F9CC18231CCB00A5576F /* AFSecurityPolicy.m in Sources */ = {isa = PBXBuildFile; fileRef = 04E8F9AF18231CCB00A5576F /* AFSecurityPolicy.m */; };
		04E8F9CD18231CCB00A5576F /* AFURLConnectionOperation.m in Sources */ = {isa = PBXBuildFile; fileRef = 04E8F9B118231CCB00A5576F /* AFURLConnectionOperation.m */; };
		04E8F9CE18231CCB00A5576F /* AFURLRequestSerialization.m in Sources */ = {isa = PBXBuildFile; fileRef = 04E8F9B318231CCB00A5576F /* AFURLRequestSerialization.m */; };
		04E8F9CF18231CCB00A5576F /* AFURLResponseSerialization.m in Sources */ = {isa = PBXBuildFile; fileRef = 04E8F9B518231CCB00A5576F /* AFURLResponseSerialization.m */; };
		04E8F9D018231CCB00A5576F /* AFURLSessionManager.m in Sources */ = {isa = PBXBuildFile; fileRef = 04E8F9B718231CCB00A5576F /* AFURLSessionManager.m */; };
		04E8F9D118231CCB00A5576F /* AFNetworkActivityIndicatorManager.m in Sources */ = {isa = PBXBuildFile; fileRef = 04E8F9BA18231CCB00A5576F /* AFNetworkActivityIndicatorManager.m */; };
		04E8F9D218231CCB00A5576F /* UIActivityIndicatorView+AFNetworking.m in Sources */ = {isa = PBXBuildFile; fileRef = 04E8F9BC18231CCB00A5576F /* UIActivityIndicatorView+AFNetworking.m */; };
		04E8F9D318231CCB00A5576F /* UIAlertView+AFNetworking.m in Sources */ = {isa = PBXBuildFile; fileRef = 04E8F9BE18231CCB00A5576F /* UIAlertView+AFNetworking.m */; };
		04E8F9D418231CCB00A5576F /* UIButton+AFNetworking.m in Sources */ = {isa = PBXBuildFile; fileRef = 04E8F9C018231CCB00A5576F /* UIButton+AFNetworking.m */; };
		04E8F9D518231CCB00A5576F /* UIImageView+AFNetworking.m in Sources */ = {isa = PBXBuildFile; fileRef = 04E8F9C218231CCB00A5576F /* UIImageView+AFNetworking.m */; };
		04E8F9D618231CCB00A5576F /* UIProgressView+AFNetworking.m in Sources */ = {isa = PBXBuildFile; fileRef = 04E8F9C518231CCB00A5576F /* UIProgressView+AFNetworking.m */; };
		04E8F9D718231CCB00A5576F /* UIWebView+AFNetworking.m in Sources */ = {isa = PBXBuildFile; fileRef = 04E8F9C718231CCB00A5576F /* UIWebView+AFNetworking.m */; };
		04E8F9D918231D8100A5576F /* SystemConfiguration.framework in Frameworks */ = {isa = PBXBuildFile; fileRef = 04E8F9D818231D8100A5576F /* SystemConfiguration.framework */; };
		04E8F9DB18231DE200A5576F /* MobileCoreServices.framework in Frameworks */ = {isa = PBXBuildFile; fileRef = 04E8F9DA18231DE200A5576F /* MobileCoreServices.framework */; };
		04E8F9E81823347500A5576F /* DataManager.m in Sources */ = {isa = PBXBuildFile; fileRef = 04E8F9E71823347500A5576F /* DataManager.m */; };
		04E8F9EB1823350F00A5576F /* EC_TEL.xcdatamodeld in Sources */ = {isa = PBXBuildFile; fileRef = 04E8F9E91823350F00A5576F /* EC_TEL.xcdatamodeld */; };
		04E8F9EE1823382B00A5576F /* Author.m in Sources */ = {isa = PBXBuildFile; fileRef = 04E8F9ED1823382B00A5576F /* Author.m */; };
		04E8F9F11823382B00A5576F /* Presentation.m in Sources */ = {isa = PBXBuildFile; fileRef = 04E8F9F01823382B00A5576F /* Presentation.m */; };
		04E8F9F41823382B00A5576F /* Content.m in Sources */ = {isa = PBXBuildFile; fileRef = 04E8F9F31823382B00A5576F /* Content.m */; };
		04E8F9F71823382C00A5576F /* Event.m in Sources */ = {isa = PBXBuildFile; fileRef = 04E8F9F61823382C00A5576F /* Event.m */; };
		04E8F9FA1823382C00A5576F /* Session.m in Sources */ = {isa = PBXBuildFile; fileRef = 04E8F9F91823382C00A5576F /* Session.m */; };
		04EE2CFB18273F88000AC33F /* ConferenceViewController.m in Sources */ = {isa = PBXBuildFile; fileRef = 04EE2CFA18273F88000AC33F /* ConferenceViewController.m */; };
/* End PBXBuildFile section */

/* Begin PBXContainerItemProxy section */
		04D7233D181F5F810015BBD6 /* PBXContainerItemProxy */ = {
			isa = PBXContainerItemProxy;
			containerPortal = 04D72306181F5F810015BBD6 /* Project object */;
			proxyType = 1;
			remoteGlobalIDString = 04D7230D181F5F810015BBD6;
			remoteInfo = "EC TEL";
		};
/* End PBXContainerItemProxy section */

/* Begin PBXFileReference section */
		0401842D18499DCB00ECEFFE /* LoginViewController.h */ = {isa = PBXFileReference; fileEncoding = 4; lastKnownFileType = sourcecode.c.h; path = LoginViewController.h; sourceTree = "<group>"; };
		0401842E18499DCB00ECEFFE /* LoginViewController.m */ = {isa = PBXFileReference; fileEncoding = 4; lastKnownFileType = sourcecode.c.objc; path = LoginViewController.m; sourceTree = "<group>"; };
		040184301849A03F00ECEFFE /* SignUpViewController.h */ = {isa = PBXFileReference; fileEncoding = 4; lastKnownFileType = sourcecode.c.h; path = SignUpViewController.h; sourceTree = "<group>"; };
		040184311849A03F00ECEFFE /* SignUpViewController.m */ = {isa = PBXFileReference; fileEncoding = 4; lastKnownFileType = sourcecode.c.objc; path = SignUpViewController.m; sourceTree = "<group>"; };
		040184331849A65D00ECEFFE /* MyProgramViewController.h */ = {isa = PBXFileReference; fileEncoding = 4; lastKnownFileType = sourcecode.c.h; path = MyProgramViewController.h; sourceTree = "<group>"; };
		040184341849A65D00ECEFFE /* MyProgramViewController.m */ = {isa = PBXFileReference; fileEncoding = 4; lastKnownFileType = sourcecode.c.objc; path = MyProgramViewController.m; sourceTree = "<group>"; };
		040184361849A7C300ECEFFE /* Recommendatons.h */ = {isa = PBXFileReference; fileEncoding = 4; lastKnownFileType = sourcecode.c.h; path = Recommendatons.h; sourceTree = "<group>"; };
		040184371849A7C300ECEFFE /* Recommendatons.m */ = {isa = PBXFileReference; fileEncoding = 4; lastKnownFileType = sourcecode.c.objc; path = Recommendatons.m; sourceTree = "<group>"; };
		040184391849AB6F00ECEFFE /* UIAlertView+Blocks.h */ = {isa = PBXFileReference; fileEncoding = 4; lastKnownFileType = sourcecode.c.h; path = "UIAlertView+Blocks.h"; sourceTree = "<group>"; };
		0401843A1849AB6F00ECEFFE /* UIAlertView+Blocks.m */ = {isa = PBXFileReference; fileEncoding = 4; lastKnownFileType = sourcecode.c.objc; path = "UIAlertView+Blocks.m"; sourceTree = "<group>"; };
		0401843C1849AFC100ECEFFE /* MyScheduleViewController.h */ = {isa = PBXFileReference; fileEncoding = 4; lastKnownFileType = sourcecode.c.h; path = MyScheduleViewController.h; sourceTree = "<group>"; };
		0401843D1849AFC100ECEFFE /* MyScheduleViewController.m */ = {isa = PBXFileReference; fileEncoding = 4; lastKnownFileType = sourcecode.c.objc; path = MyScheduleViewController.m; sourceTree = "<group>"; };
		0401843F1849B07F00ECEFFE /* MyReadingListViewController.h */ = {isa = PBXFileReference; fileEncoding = 4; lastKnownFileType = sourcecode.c.h; path = MyReadingListViewController.h; sourceTree = "<group>"; };
		040184401849B07F00ECEFFE /* MyReadingListViewController.m */ = {isa = PBXFileReference; fileEncoding = 4; lastKnownFileType = sourcecode.c.objc; path = MyReadingListViewController.m; sourceTree = "<group>"; };
		0408DF4D1827CC0B006E3900 /* User.h */ = {isa = PBXFileReference; fileEncoding = 4; lastKnownFileType = sourcecode.c.h; path = User.h; sourceTree = "<group>"; };
		0408DF4E1827CC0B006E3900 /* User.m */ = {isa = PBXFileReference; fileEncoding = 4; lastKnownFileType = sourcecode.c.objc; path = User.m; sourceTree = "<group>"; };
		040BFB79184C349D009FB2CA /* BookMarkItem.h */ = {isa = PBXFileReference; fileEncoding = 4; lastKnownFileType = sourcecode.c.h; path = BookMarkItem.h; sourceTree = "<group>"; };
		040BFB7A184C349D009FB2CA /* BookMarkItem.m */ = {isa = PBXFileReference; fileEncoding = 4; lastKnownFileType = sourcecode.c.objc; path = BookMarkItem.m; sourceTree = "<group>"; };
		046510561845F4AE001DCB26 /* libsqlite3.dylib */ = {isa = PBXFileReference; lastKnownFileType = "compiled.mach-o.dylib"; name = libsqlite3.dylib; path = usr/lib/libsqlite3.dylib; sourceTree = SDKROOT; };
		0465105B1845F4BC001DCB26 /* LKDaoBase.h */ = {isa = PBXFileReference; fileEncoding = 4; lastKnownFileType = sourcecode.c.h; path = LKDaoBase.h; sourceTree = "<group>"; };
		0465105C1845F4BC001DCB26 /* LKDaoBase.m */ = {isa = PBXFileReference; fileEncoding = 4; lastKnownFileType = sourcecode.c.objc; path = LKDaoBase.m; sourceTree = "<group>"; };
		0465105F1846594D001DCB26 /* SessionListViewController.h */ = {isa = PBXFileReference; fileEncoding = 4; lastKnownFileType = sourcecode.c.h; path = SessionListViewController.h; sourceTree = "<group>"; };
		046510601846594D001DCB26 /* SessionListViewController.m */ = {isa = PBXFileReference; fileEncoding = 4; lastKnownFileType = sourcecode.c.objc; path = SessionListViewController.m; sourceTree = "<group>"; };
		0465106218466B6E001DCB26 /* SessionDetailListViewController.h */ = {isa = PBXFileReference; fileEncoding = 4; lastKnownFileType = sourcecode.c.h; path = SessionDetailListViewController.h; sourceTree = "<group>"; };
		0465106318466B6E001DCB26 /* SessionDetailListViewController.m */ = {isa = PBXFileReference; fileEncoding = 4; lastKnownFileType = sourcecode.c.objc; path = SessionDetailListViewController.m; sourceTree = "<group>"; };
		046E3CB9184CACB90037F99C /* NSData-SQLitePersistence.h */ = {isa = PBXFileReference; fileEncoding = 4; lastKnownFileType = sourcecode.c.h; path = "NSData-SQLitePersistence.h"; sourceTree = "<group>"; };
		046E3CBA184CACB90037F99C /* NSData-SQLitePersistence.m */ = {isa = PBXFileReference; fileEncoding = 4; lastKnownFileType = sourcecode.c.objc; path = "NSData-SQLitePersistence.m"; sourceTree = "<group>"; };
		046E3CBB184CACB90037F99C /* NSDate-SQLitePersistence.h */ = {isa = PBXFileReference; fileEncoding = 4; lastKnownFileType = sourcecode.c.h; path = "NSDate-SQLitePersistence.h"; sourceTree = "<group>"; };
		046E3CBC184CACB90037F99C /* NSDate-SQLitePersistence.m */ = {isa = PBXFileReference; fileEncoding = 4; lastKnownFileType = sourcecode.c.objc; path = "NSDate-SQLitePersistence.m"; sourceTree = "<group>"; };
		046E3CBD184CACB90037F99C /* NSMutableArray-MultipleSort.h */ = {isa = PBXFileReference; fileEncoding = 4; lastKnownFileType = sourcecode.c.h; path = "NSMutableArray-MultipleSort.h"; sourceTree = "<group>"; };
		046E3CBE184CACB90037F99C /* NSMutableArray-MultipleSort.m */ = {isa = PBXFileReference; fileEncoding = 4; lastKnownFileType = sourcecode.c.objc; path = "NSMutableArray-MultipleSort.m"; sourceTree = "<group>"; };
		046E3CBF184CACB90037F99C /* NSMutableData-SQLitePersistence.h */ = {isa = PBXFileReference; fileEncoding = 4; lastKnownFileType = sourcecode.c.h; path = "NSMutableData-SQLitePersistence.h"; sourceTree = "<group>"; };
		046E3CC0184CACB90037F99C /* NSMutableData-SQLitePersistence.m */ = {isa = PBXFileReference; fileEncoding = 4; lastKnownFileType = sourcecode.c.objc; path = "NSMutableData-SQLitePersistence.m"; sourceTree = "<group>"; };
		046E3CC1184CACB90037F99C /* NSNumber-SQLitePersistence.h */ = {isa = PBXFileReference; fileEncoding = 4; lastKnownFileType = sourcecode.c.h; path = "NSNumber-SQLitePersistence.h"; sourceTree = "<group>"; };
		046E3CC2184CACB90037F99C /* NSNumber-SQLitePersistence.m */ = {isa = PBXFileReference; fileEncoding = 4; lastKnownFileType = sourcecode.c.objc; path = "NSNumber-SQLitePersistence.m"; sourceTree = "<group>"; };
		046E3CC3184CACB90037F99C /* NSObject-ClassName.h */ = {isa = PBXFileReference; fileEncoding = 4; lastKnownFileType = sourcecode.c.h; path = "NSObject-ClassName.h"; sourceTree = "<group>"; };
		046E3CC4184CACB90037F99C /* NSObject-ClassName.m */ = {isa = PBXFileReference; fileEncoding = 4; lastKnownFileType = sourcecode.c.objc; path = "NSObject-ClassName.m"; sourceTree = "<group>"; };
		046E3CC5184CACB90037F99C /* NSObject-MissingKV.h */ = {isa = PBXFileReference; fileEncoding = 4; lastKnownFileType = sourcecode.c.h; path = "NSObject-MissingKV.h"; sourceTree = "<group>"; };
		046E3CC6184CACB90037F99C /* NSObject-MissingKV.m */ = {isa = PBXFileReference; fileEncoding = 4; lastKnownFileType = sourcecode.c.objc; path = "NSObject-MissingKV.m"; sourceTree = "<group>"; };
		046E3CC7184CACB90037F99C /* NSObject-SQLitePersistence.h */ = {isa = PBXFileReference; fileEncoding = 4; lastKnownFileType = sourcecode.c.h; path = "NSObject-SQLitePersistence.h"; sourceTree = "<group>"; };
		046E3CC8184CACB90037F99C /* NSObject-SQLitePersistence.m */ = {isa = PBXFileReference; fileEncoding = 4; lastKnownFileType = sourcecode.c.objc; path = "NSObject-SQLitePersistence.m"; sourceTree = "<group>"; };
		046E3CC9184CACB90037F99C /* NSString-NumberStuff.h */ = {isa = PBXFileReference; fileEncoding = 4; lastKnownFileType = sourcecode.c.h; path = "NSString-NumberStuff.h"; sourceTree = "<group>"; };
		046E3CCA184CACB90037F99C /* NSString-NumberStuff.m */ = {isa = PBXFileReference; fileEncoding = 4; lastKnownFileType = sourcecode.c.objc; path = "NSString-NumberStuff.m"; sourceTree = "<group>"; };
		046E3CCB184CACB90037F99C /* NSString-SQLiteColumnName.h */ = {isa = PBXFileReference; fileEncoding = 4; lastKnownFileType = sourcecode.c.h; path = "NSString-SQLiteColumnName.h"; sourceTree = "<group>"; };
		046E3CCC184CACB90037F99C /* NSString-SQLiteColumnName.m */ = {isa = PBXFileReference; fileEncoding = 4; lastKnownFileType = sourcecode.c.objc; path = "NSString-SQLiteColumnName.m"; sourceTree = "<group>"; };
		046E3CCD184CACB90037F99C /* NSString-SQLitePersistence.h */ = {isa = PBXFileReference; fileEncoding = 4; lastKnownFileType = sourcecode.c.h; path = "NSString-SQLitePersistence.h"; sourceTree = "<group>"; };
		046E3CCE184CACB90037F99C /* NSString-SQLitePersistence.m */ = {isa = PBXFileReference; fileEncoding = 4; lastKnownFileType = sourcecode.c.objc; path = "NSString-SQLitePersistence.m"; sourceTree = "<group>"; };
		046E3CCF184CACB90037F99C /* NSString-UppercaseFirst.h */ = {isa = PBXFileReference; fileEncoding = 4; lastKnownFileType = sourcecode.c.h; path = "NSString-UppercaseFirst.h"; sourceTree = "<group>"; };
		046E3CD0184CACB90037F99C /* NSString-UppercaseFirst.m */ = {isa = PBXFileReference; fileEncoding = 4; lastKnownFileType = sourcecode.c.objc; path = "NSString-UppercaseFirst.m"; sourceTree = "<group>"; };
		046E3CD1184CACB90037F99C /* SQLiteInstanceManager.h */ = {isa = PBXFileReference; fileEncoding = 4; lastKnownFileType = sourcecode.c.h; path = SQLiteInstanceManager.h; sourceTree = "<group>"; };
		046E3CD2184CACB90037F99C /* SQLiteInstanceManager.m */ = {isa = PBXFileReference; fileEncoding = 4; lastKnownFileType = sourcecode.c.objc; path = SQLiteInstanceManager.m; sourceTree = "<group>"; };
		046E3CD3184CACB90037F99C /* SQLitePersistentObject.h */ = {isa = PBXFileReference; fileEncoding = 4; lastKnownFileType = sourcecode.c.h; path = SQLitePersistentObject.h; sourceTree = "<group>"; };
		046E3CD4184CACB90037F99C /* SQLitePersistentObject.m */ = {isa = PBXFileReference; fileEncoding = 4; lastKnownFileType = sourcecode.c.objc; path = SQLitePersistentObject.m; sourceTree = "<group>"; };
		046E3CD5184CACB90037F99C /* UIColor-SQLitePersistentObject.h */ = {isa = PBXFileReference; fileEncoding = 4; lastKnownFileType = sourcecode.c.h; path = "UIColor-SQLitePersistentObject.h"; sourceTree = "<group>"; };
		046E3CD6184CACB90037F99C /* UIColor-SQLitePersistentObject.m */ = {isa = PBXFileReference; fileEncoding = 4; lastKnownFileType = sourcecode.c.objc; path = "UIColor-SQLitePersistentObject.m"; sourceTree = "<group>"; };
		046E3CD7184CACB90037F99C /* UIImage-SQLitePersistence.h */ = {isa = PBXFileReference; fileEncoding = 4; lastKnownFileType = sourcecode.c.h; path = "UIImage-SQLitePersistence.h"; sourceTree = "<group>"; };
		046E3CD8184CACB90037F99C /* UIImage-SQLitePersistence.m */ = {isa = PBXFileReference; fileEncoding = 4; lastKnownFileType = sourcecode.c.objc; path = "UIImage-SQLitePersistence.m"; sourceTree = "<group>"; };
		047EC1691845F30500E43F1B /* FMDatabase.h */ = {isa = PBXFileReference; fileEncoding = 4; lastKnownFileType = sourcecode.c.h; path = FMDatabase.h; sourceTree = "<group>"; };
		047EC16A1845F30500E43F1B /* FMDatabase.m */ = {isa = PBXFileReference; fileEncoding = 4; lastKnownFileType = sourcecode.c.objc; path = FMDatabase.m; sourceTree = "<group>"; };
		047EC16B1845F30500E43F1B /* FMDatabaseAdditions.h */ = {isa = PBXFileReference; fileEncoding = 4; lastKnownFileType = sourcecode.c.h; path = FMDatabaseAdditions.h; sourceTree = "<group>"; };
		047EC16C1845F30500E43F1B /* FMDatabaseAdditions.m */ = {isa = PBXFileReference; fileEncoding = 4; lastKnownFileType = sourcecode.c.objc; path = FMDatabaseAdditions.m; sourceTree = "<group>"; };
		047EC16D1845F30500E43F1B /* FMDatabasePool.h */ = {isa = PBXFileReference; fileEncoding = 4; lastKnownFileType = sourcecode.c.h; path = FMDatabasePool.h; sourceTree = "<group>"; };
		047EC16E1845F30500E43F1B /* FMDatabasePool.m */ = {isa = PBXFileReference; fileEncoding = 4; lastKnownFileType = sourcecode.c.objc; path = FMDatabasePool.m; sourceTree = "<group>"; };
		047EC16F1845F30500E43F1B /* FMDatabaseQueue.h */ = {isa = PBXFileReference; fileEncoding = 4; lastKnownFileType = sourcecode.c.h; path = FMDatabaseQueue.h; sourceTree = "<group>"; };
		047EC1701845F30500E43F1B /* FMDatabaseQueue.m */ = {isa = PBXFileReference; fileEncoding = 4; lastKnownFileType = sourcecode.c.objc; path = FMDatabaseQueue.m; sourceTree = "<group>"; };
		047EC1711845F30500E43F1B /* FMResultSet.h */ = {isa = PBXFileReference; fileEncoding = 4; lastKnownFileType = sourcecode.c.h; path = FMResultSet.h; sourceTree = "<group>"; };
		047EC1721845F30500E43F1B /* FMResultSet.m */ = {isa = PBXFileReference; fileEncoding = 4; lastKnownFileType = sourcecode.c.objc; path = FMResultSet.m; sourceTree = "<group>"; };
		047EC1791845F34500E43F1B /* SandboxFile.h */ = {isa = PBXFileReference; fileEncoding = 4; lastKnownFileType = sourcecode.c.h; path = SandboxFile.h; sourceTree = "<group>"; };
		047EC17A1845F34500E43F1B /* SandboxFile.m */ = {isa = PBXFileReference; fileEncoding = 4; lastKnownFileType = sourcecode.c.objc; path = SandboxFile.m; sourceTree = "<group>"; };
		049F3E5C184848D900B10217 /* RecomentItem.h */ = {isa = PBXFileReference; fileEncoding = 4; lastKnownFileType = sourcecode.c.h; path = RecomentItem.h; sourceTree = "<group>"; };
		049F3E5D184848D900B10217 /* RecomentItem.m */ = {isa = PBXFileReference; fileEncoding = 4; lastKnownFileType = sourcecode.c.objc; path = RecomentItem.m; sourceTree = "<group>"; };
		049F3E5F18484F0A00B10217 /* ContentSummaryCell.h */ = {isa = PBXFileReference; fileEncoding = 4; lastKnownFileType = sourcecode.c.h; path = ContentSummaryCell.h; sourceTree = "<group>"; };
		049F3E6018484F0A00B10217 /* ContentSummaryCell.m */ = {isa = PBXFileReference; fileEncoding = 4; lastKnownFileType = sourcecode.c.objc; path = ContentSummaryCell.m; sourceTree = "<group>"; };
		049F3E6218485C9E00B10217 /* AuthorDetailViewController.h */ = {isa = PBXFileReference; fileEncoding = 4; lastKnownFileType = sourcecode.c.h; path = AuthorDetailViewController.h; sourceTree = "<group>"; };
		049F3E6318485C9E00B10217 /* AuthorDetailViewController.m */ = {isa = PBXFileReference; fileEncoding = 4; lastKnownFileType = sourcecode.c.objc; path = AuthorDetailViewController.m; sourceTree = "<group>"; };
		049F3E651848658100B10217 /* ProceedingViewController.h */ = {isa = PBXFileReference; fileEncoding = 4; lastKnownFileType = sourcecode.c.h; path = ProceedingViewController.h; sourceTree = "<group>"; };
		049F3E661848658100B10217 /* ProceedingViewController.m */ = {isa = PBXFileReference; fileEncoding = 4; lastKnownFileType = sourcecode.c.objc; path = ProceedingViewController.m; sourceTree = "<group>"; };
		049F3E681848695800B10217 /* StringHelper.h */ = {isa = PBXFileReference; fileEncoding = 4; lastKnownFileType = sourcecode.c.h; path = StringHelper.h; sourceTree = "<group>"; };
		049F3E691848695800B10217 /* StringHelper.m */ = {isa = PBXFileReference; fileEncoding = 4; lastKnownFileType = sourcecode.c.objc; path = StringHelper.m; sourceTree = "<group>"; };
		049F3E6B1848850900B10217 /* AuthorListViewController.h */ = {isa = PBXFileReference; fileEncoding = 4; lastKnownFileType = sourcecode.c.h; path = AuthorListViewController.h; sourceTree = "<group>"; };
		049F3E6C1848850900B10217 /* AuthorListViewController.m */ = {isa = PBXFileReference; fileEncoding = 4; lastKnownFileType = sourcecode.c.objc; path = AuthorListViewController.m; sourceTree = "<group>"; };
		04A3993E1847011300584E66 /* ContentDetailViewController.h */ = {isa = PBXFileReference; fileEncoding = 4; lastKnownFileType = sourcecode.c.h; path = ContentDetailViewController.h; sourceTree = "<group>"; };
		04A3993F1847011300584E66 /* ContentDetailViewController.m */ = {isa = PBXFileReference; fileEncoding = 4; lastKnownFileType = sourcecode.c.objc; path = ContentDetailViewController.m; sourceTree = "<group>"; };
		04A399431847025F00584E66 /* MRBlurView.h */ = {isa = PBXFileReference; fileEncoding = 4; lastKnownFileType = sourcecode.c.h; path = MRBlurView.h; sourceTree = "<group>"; };
		04A399441847025F00584E66 /* MRBlurView.m */ = {isa = PBXFileReference; fileEncoding = 4; lastKnownFileType = sourcecode.c.objc; path = MRBlurView.m; sourceTree = "<group>"; };
		04A399451847025F00584E66 /* UIImage+MRImageEffects.h */ = {isa = PBXFileReference; fileEncoding = 4; lastKnownFileType = sourcecode.c.h; path = "UIImage+MRImageEffects.h"; sourceTree = "<group>"; };
		04A399461847025F00584E66 /* UIImage+MRImageEffects.m */ = {isa = PBXFileReference; fileEncoding = 4; lastKnownFileType = sourcecode.c.objc; path = "UIImage+MRImageEffects.m"; sourceTree = "<group>"; };
		04A399481847025F00584E66 /* MRActivityIndicatorView.h */ = {isa = PBXFileReference; fileEncoding = 4; lastKnownFileType = sourcecode.c.h; path = MRActivityIndicatorView.h; sourceTree = "<group>"; };
		04A399491847025F00584E66 /* MRActivityIndicatorView.m */ = {isa = PBXFileReference; fileEncoding = 4; lastKnownFileType = sourcecode.c.objc; path = MRActivityIndicatorView.m; sourceTree = "<group>"; };
		04A3994A1847025F00584E66 /* MRCircularProgressView.h */ = {isa = PBXFileReference; fileEncoding = 4; lastKnownFileType = sourcecode.c.h; path = MRCircularProgressView.h; sourceTree = "<group>"; };
		04A3994B1847025F00584E66 /* MRCircularProgressView.m */ = {isa = PBXFileReference; fileEncoding = 4; lastKnownFileType = sourcecode.c.objc; path = MRCircularProgressView.m; sourceTree = "<group>"; };
		04A3994C1847025F00584E66 /* MRIconView.h */ = {isa = PBXFileReference; fileEncoding = 4; lastKnownFileType = sourcecode.c.h; path = MRIconView.h; sourceTree = "<group>"; };
		04A3994D1847025F00584E66 /* MRIconView.m */ = {isa = PBXFileReference; fileEncoding = 4; lastKnownFileType = sourcecode.c.objc; path = MRIconView.m; sourceTree = "<group>"; };
		04A3994E1847025F00584E66 /* MRNavigationBarProgressView.h */ = {isa = PBXFileReference; fileEncoding = 4; lastKnownFileType = sourcecode.c.h; path = MRNavigationBarProgressView.h; sourceTree = "<group>"; };
		04A3994F1847025F00584E66 /* MRNavigationBarProgressView.m */ = {isa = PBXFileReference; fileEncoding = 4; lastKnownFileType = sourcecode.c.objc; path = MRNavigationBarProgressView.m; sourceTree = "<group>"; };
		04A399501847025F00584E66 /* MRProgressOverlayView.h */ = {isa = PBXFileReference; fileEncoding = 4; lastKnownFileType = sourcecode.c.h; path = MRProgressOverlayView.h; sourceTree = "<group>"; };
		04A399511847025F00584E66 /* MRProgressOverlayView.m */ = {isa = PBXFileReference; fileEncoding = 4; lastKnownFileType = sourcecode.c.objc; path = MRProgressOverlayView.m; sourceTree = "<group>"; };
		04A399521847025F00584E66 /* MRProgress.h */ = {isa = PBXFileReference; fileEncoding = 4; lastKnownFileType = sourcecode.c.h; path = MRProgress.h; sourceTree = "<group>"; };
		04A399541847025F00584E66 /* MRMessageInterceptor.h */ = {isa = PBXFileReference; fileEncoding = 4; lastKnownFileType = sourcecode.c.h; path = MRMessageInterceptor.h; sourceTree = "<group>"; };
		04A399551847025F00584E66 /* MRMessageInterceptor.m */ = {isa = PBXFileReference; fileEncoding = 4; lastKnownFileType = sourcecode.c.objc; path = MRMessageInterceptor.m; sourceTree = "<group>"; };
		04A399561847025F00584E66 /* MRProgressHelper.h */ = {isa = PBXFileReference; fileEncoding = 4; lastKnownFileType = sourcecode.c.h; path = MRProgressHelper.h; sourceTree = "<group>"; };
		04A399571847025F00584E66 /* MRWeakProxy.h */ = {isa = PBXFileReference; fileEncoding = 4; lastKnownFileType = sourcecode.c.h; path = MRWeakProxy.h; sourceTree = "<group>"; };
		04A399581847025F00584E66 /* MRWeakProxy.m */ = {isa = PBXFileReference; fileEncoding = 4; lastKnownFileType = sourcecode.c.objc; path = MRWeakProxy.m; sourceTree = "<group>"; };
		04A876EB184E22F3006C46EF /* RatingView.h */ = {isa = PBXFileReference; fileEncoding = 4; lastKnownFileType = sourcecode.c.h; path = RatingView.h; sourceTree = "<group>"; };
		04A876EC184E22F3006C46EF /* RatingView.m */ = {isa = PBXFileReference; fileEncoding = 4; lastKnownFileType = sourcecode.c.objc; path = RatingView.m; sourceTree = "<group>"; };
		04A876EE184E2330006C46EF /* 0.png */ = {isa = PBXFileReference; lastKnownFileType = image.png; path = 0.png; sourceTree = "<group>"; };
		04A876EF184E2330006C46EF /* 1.png */ = {isa = PBXFileReference; lastKnownFileType = image.png; path = 1.png; sourceTree = "<group>"; };
		04A876F0184E2330006C46EF /* 2.png */ = {isa = PBXFileReference; lastKnownFileType = image.png; path = 2.png; sourceTree = "<group>"; };
		04A9F8861849E42000D530D3 /* NSObject+Alert.h */ = {isa = PBXFileReference; fileEncoding = 4; lastKnownFileType = sourcecode.c.h; path = "NSObject+Alert.h"; sourceTree = "<group>"; };
		04A9F8871849E42000D530D3 /* NSObject+Alert.m */ = {isa = PBXFileReference; fileEncoding = 4; lastKnownFileType = sourcecode.c.objc; path = "NSObject+Alert.m"; sourceTree = "<group>"; };
		04A9F8891849F9A700D530D3 /* RecomendationItem.h */ = {isa = PBXFileReference; fileEncoding = 4; lastKnownFileType = sourcecode.c.h; path = RecomendationItem.h; sourceTree = "<group>"; };
		04A9F88A1849F9A700D530D3 /* RecomendationItem.m */ = {isa = PBXFileReference; fileEncoding = 4; lastKnownFileType = sourcecode.c.objc; path = RecomendationItem.m; sourceTree = "<group>"; };
		04D7230E181F5F810015BBD6 /* EC TEL.app */ = {isa = PBXFileReference; explicitFileType = wrapper.application; includeInIndex = 0; path = "EC TEL.app"; sourceTree = BUILT_PRODUCTS_DIR; };
		04D72311181F5F810015BBD6 /* Foundation.framework */ = {isa = PBXFileReference; lastKnownFileType = wrapper.framework; name = Foundation.framework; path = System/Library/Frameworks/Foundation.framework; sourceTree = SDKROOT; };
		04D72313181F5F810015BBD6 /* CoreGraphics.framework */ = {isa = PBXFileReference; lastKnownFileType = wrapper.framework; name = CoreGraphics.framework; path = System/Library/Frameworks/CoreGraphics.framework; sourceTree = SDKROOT; };
		04D72315181F5F810015BBD6 /* UIKit.framework */ = {isa = PBXFileReference; lastKnownFileType = wrapper.framework; name = UIKit.framework; path = System/Library/Frameworks/UIKit.framework; sourceTree = SDKROOT; };
		04D72317181F5F810015BBD6 /* CoreData.framework */ = {isa = PBXFileReference; lastKnownFileType = wrapper.framework; name = CoreData.framework; path = System/Library/Frameworks/CoreData.framework; sourceTree = SDKROOT; };
		04D7231B181F5F810015BBD6 /* EC TEL-Info.plist */ = {isa = PBXFileReference; lastKnownFileType = text.plist.xml; path = "EC TEL-Info.plist"; sourceTree = "<group>"; };
		04D7231D181F5F810015BBD6 /* en */ = {isa = PBXFileReference; lastKnownFileType = text.plist.strings; name = en; path = en.lproj/InfoPlist.strings; sourceTree = "<group>"; };
		04D7231F181F5F810015BBD6 /* main.m */ = {isa = PBXFileReference; lastKnownFileType = sourcecode.c.objc; path = main.m; sourceTree = "<group>"; };
		04D72321181F5F810015BBD6 /* EC TEL-Prefix.pch */ = {isa = PBXFileReference; lastKnownFileType = sourcecode.c.h; path = "EC TEL-Prefix.pch"; sourceTree = "<group>"; };
		04D72322181F5F810015BBD6 /* AppDelegate.h */ = {isa = PBXFileReference; lastKnownFileType = sourcecode.c.h; path = AppDelegate.h; sourceTree = "<group>"; };
		04D72323181F5F810015BBD6 /* AppDelegate.m */ = {isa = PBXFileReference; lastKnownFileType = sourcecode.c.objc; path = AppDelegate.m; sourceTree = "<group>"; };
		04D72331181F5F810015BBD6 /* Images.xcassets */ = {isa = PBXFileReference; lastKnownFileType = folder.assetcatalog; path = Images.xcassets; sourceTree = "<group>"; };
		04D72337181F5F810015BBD6 /* EC TELTests.xctest */ = {isa = PBXFileReference; explicitFileType = wrapper.cfbundle; includeInIndex = 0; path = "EC TELTests.xctest"; sourceTree = BUILT_PRODUCTS_DIR; };
		04D72338181F5F810015BBD6 /* XCTest.framework */ = {isa = PBXFileReference; lastKnownFileType = wrapper.framework; name = XCTest.framework; path = Library/Frameworks/XCTest.framework; sourceTree = DEVELOPER_DIR; };
		04D72341181F5F810015BBD6 /* EC TELTests-Info.plist */ = {isa = PBXFileReference; lastKnownFileType = text.plist.xml; path = "EC TELTests-Info.plist"; sourceTree = "<group>"; };
		04D72343181F5F810015BBD6 /* en */ = {isa = PBXFileReference; lastKnownFileType = text.plist.strings; name = en; path = en.lproj/InfoPlist.strings; sourceTree = "<group>"; };
		04D72345181F5F810015BBD6 /* EC_TELTests.m */ = {isa = PBXFileReference; lastKnownFileType = sourcecode.c.objc; path = EC_TELTests.m; sourceTree = "<group>"; };
		04D72350181F61AD0015BBD6 /* MBProgressHUD.h */ = {isa = PBXFileReference; fileEncoding = 4; lastKnownFileType = sourcecode.c.h; path = MBProgressHUD.h; sourceTree = "<group>"; };
		04D72351181F61AD0015BBD6 /* MBProgressHUD.m */ = {isa = PBXFileReference; fileEncoding = 4; lastKnownFileType = sourcecode.c.objc; path = MBProgressHUD.m; sourceTree = "<group>"; };
		04D72352181F61AD0015BBD6 /* NetUtil.h */ = {isa = PBXFileReference; fileEncoding = 4; lastKnownFileType = sourcecode.c.h; path = NetUtil.h; sourceTree = "<group>"; };
		04D72353181F61AD0015BBD6 /* NetUtil.m */ = {isa = PBXFileReference; fileEncoding = 4; lastKnownFileType = sourcecode.c.objc; path = NetUtil.m; sourceTree = "<group>"; };
		04D72354181F61AD0015BBD6 /* NSDataAdditions.h */ = {isa = PBXFileReference; fileEncoding = 4; lastKnownFileType = sourcecode.c.h; path = NSDataAdditions.h; sourceTree = "<group>"; };
		04D72355181F61AD0015BBD6 /* NSDataAdditions.m */ = {isa = PBXFileReference; fileEncoding = 4; lastKnownFileType = sourcecode.c.objc; path = NSDataAdditions.m; sourceTree = "<group>"; };
		04D72356181F61AD0015BBD6 /* Reachability.h */ = {isa = PBXFileReference; fileEncoding = 4; lastKnownFileType = sourcecode.c.h; path = Reachability.h; sourceTree = "<group>"; };
		04D72357181F61AD0015BBD6 /* Reachability.m */ = {isa = PBXFileReference; fileEncoding = 4; lastKnownFileType = sourcecode.c.objc; path = Reachability.m; sourceTree = "<group>"; };
		04D72358181F61AD0015BBD6 /* TBXML.h */ = {isa = PBXFileReference; fileEncoding = 4; lastKnownFileType = sourcecode.c.h; path = TBXML.h; sourceTree = "<group>"; };
		04D72359181F61AD0015BBD6 /* TBXML.m */ = {isa = PBXFileReference; fileEncoding = 4; lastKnownFileType = sourcecode.c.objc; path = TBXML.m; sourceTree = "<group>"; };
		04D7235F181F61F30015BBD6 /* libz.1.2.5.dylib */ = {isa = PBXFileReference; lastKnownFileType = "compiled.mach-o.dylib"; name = libz.1.2.5.dylib; path = usr/lib/libz.1.2.5.dylib; sourceTree = SDKROOT; };
		04E8F97518227E3E00A5576F /* EC_TEL.storyboard */ = {isa = PBXFileReference; fileEncoding = 4; lastKnownFileType = file.storyboard; path = EC_TEL.storyboard; sourceTree = "<group>"; };
		04E8F9781822956700A5576F /* 137-presentation.png */ = {isa = PBXFileReference; lastKnownFileType = image.png; path = "137-presentation.png"; sourceTree = "<group>"; };
		04E8F9791822956700A5576F /* 28-star.png */ = {isa = PBXFileReference; lastKnownFileType = image.png; path = "28-star.png"; sourceTree = "<group>"; };
		04E8F97A1822956800A5576F /* 37x-Checkmark.png */ = {isa = PBXFileReference; lastKnownFileType = image.png; path = "37x-Checkmark.png"; sourceTree = "<group>"; };
		04E8F97B1822956800A5576F /* 37x-Checkmark@2x.png */ = {isa = PBXFileReference; lastKnownFileType = image.png; path = "37x-Checkmark@2x.png"; sourceTree = "<group>"; };
		04E8F97C1822956800A5576F /* 58-bookmark.png */ = {isa = PBXFileReference; lastKnownFileType = image.png; path = "58-bookmark.png"; sourceTree = "<group>"; };
		04E8F97D1822956800A5576F /* 96-book.png */ = {isa = PBXFileReference; lastKnownFileType = image.png; path = "96-book.png"; sourceTree = "<group>"; };
		04E8F97E1822956800A5576F /* avatar.png */ = {isa = PBXFileReference; lastKnownFileType = image.png; path = avatar.png; sourceTree = "<group>"; };
		04E8F97F1822956800A5576F /* banner.png */ = {isa = PBXFileReference; lastKnownFileType = image.png; path = banner.png; sourceTree = "<group>"; };
		04E8F9801822956800A5576F /* calendar_add.png */ = {isa = PBXFileReference; lastKnownFileType = image.png; path = calendar_add.png; sourceTree = "<group>"; };
		04E8F9811822956800A5576F /* calendar_delete.png */ = {isa = PBXFileReference; lastKnownFileType = image.png; path = calendar_delete.png; sourceTree = "<group>"; };
		04E8F9821822956800A5576F /* Default.png */ = {isa = PBXFileReference; lastKnownFileType = image.png; path = Default.png; sourceTree = "<group>"; };
		04E8F9831822956800A5576F /* group.png */ = {isa = PBXFileReference; lastKnownFileType = image.png; path = group.png; sourceTree = "<group>"; };
		04E8F9841822956800A5576F /* info_20.png */ = {isa = PBXFileReference; lastKnownFileType = image.png; path = info_20.png; sourceTree = "<group>"; };
		04E8F9851822956800A5576F /* mobile_512_icon_iphone.jpg */ = {isa = PBXFileReference; lastKnownFileType = image.jpeg; path = mobile_512_icon_iphone.jpg; sourceTree = "<group>"; };
		04E8F9861822956800A5576F /* myschedule.png */ = {isa = PBXFileReference; lastKnownFileType = image.png; path = myschedule.png; sourceTree = "<group>"; };
		04E8F9871822956800A5576F /* share_blue.png */ = {isa = PBXFileReference; lastKnownFileType = image.png; path = share_blue.png; sourceTree = "<group>"; };
		04E8F9881822956800A5576F /* star_add2.png */ = {isa = PBXFileReference; lastKnownFileType = image.png; path = star_add2.png; sourceTree = "<group>"; };
		04E8F9891822956800A5576F /* star_delete2.png */ = {isa = PBXFileReference; lastKnownFileType = image.png; path = star_delete2.png; sourceTree = "<group>"; };
		04E8F98A1822956800A5576F /* tags.png */ = {isa = PBXFileReference; lastKnownFileType = image.png; path = tags.png; sourceTree = "<group>"; };
		04E8F98B1822956800A5576F /* thumb-25.png */ = {isa = PBXFileReference; lastKnownFileType = image.png; path = "thumb-25.png"; sourceTree = "<group>"; };
		04E8F98C1822956800A5576F /* thumbsup.png */ = {isa = PBXFileReference; lastKnownFileType = image.png; path = thumbsup.png; sourceTree = "<group>"; };
		04E8F9A518231CCB00A5576F /* AFHTTPRequestOperation.h */ = {isa = PBXFileReference; fileEncoding = 4; lastKnownFileType = sourcecode.c.h; path = AFHTTPRequestOperation.h; sourceTree = "<group>"; };
		04E8F9A618231CCB00A5576F /* AFHTTPRequestOperation.m */ = {isa = PBXFileReference; fileEncoding = 4; lastKnownFileType = sourcecode.c.objc; path = AFHTTPRequestOperation.m; sourceTree = "<group>"; };
		04E8F9A718231CCB00A5576F /* AFHTTPRequestOperationManager.h */ = {isa = PBXFileReference; fileEncoding = 4; lastKnownFileType = sourcecode.c.h; path = AFHTTPRequestOperationManager.h; sourceTree = "<group>"; };
		04E8F9A818231CCB00A5576F /* AFHTTPRequestOperationManager.m */ = {isa = PBXFileReference; fileEncoding = 4; lastKnownFileType = sourcecode.c.objc; path = AFHTTPRequestOperationManager.m; sourceTree = "<group>"; };
		04E8F9A918231CCB00A5576F /* AFHTTPSessionManager.h */ = {isa = PBXFileReference; fileEncoding = 4; lastKnownFileType = sourcecode.c.h; path = AFHTTPSessionManager.h; sourceTree = "<group>"; };
		04E8F9AA18231CCB00A5576F /* AFHTTPSessionManager.m */ = {isa = PBXFileReference; fileEncoding = 4; lastKnownFileType = sourcecode.c.objc; path = AFHTTPSessionManager.m; sourceTree = "<group>"; };
		04E8F9AB18231CCB00A5576F /* AFNetworking.h */ = {isa = PBXFileReference; fileEncoding = 4; lastKnownFileType = sourcecode.c.h; path = AFNetworking.h; sourceTree = "<group>"; };
		04E8F9AC18231CCB00A5576F /* AFNetworkReachabilityManager.h */ = {isa = PBXFileReference; fileEncoding = 4; lastKnownFileType = sourcecode.c.h; path = AFNetworkReachabilityManager.h; sourceTree = "<group>"; };
		04E8F9AD18231CCB00A5576F /* AFNetworkReachabilityManager.m */ = {isa = PBXFileReference; fileEncoding = 4; lastKnownFileType = sourcecode.c.objc; path = AFNetworkReachabilityManager.m; sourceTree = "<group>"; };
		04E8F9AE18231CCB00A5576F /* AFSecurityPolicy.h */ = {isa = PBXFileReference; fileEncoding = 4; lastKnownFileType = sourcecode.c.h; path = AFSecurityPolicy.h; sourceTree = "<group>"; };
		04E8F9AF18231CCB00A5576F /* AFSecurityPolicy.m */ = {isa = PBXFileReference; fileEncoding = 4; lastKnownFileType = sourcecode.c.objc; path = AFSecurityPolicy.m; sourceTree = "<group>"; };
		04E8F9B018231CCB00A5576F /* AFURLConnectionOperation.h */ = {isa = PBXFileReference; fileEncoding = 4; lastKnownFileType = sourcecode.c.h; path = AFURLConnectionOperation.h; sourceTree = "<group>"; };
		04E8F9B118231CCB00A5576F /* AFURLConnectionOperation.m */ = {isa = PBXFileReference; fileEncoding = 4; lastKnownFileType = sourcecode.c.objc; path = AFURLConnectionOperation.m; sourceTree = "<group>"; };
		04E8F9B218231CCB00A5576F /* AFURLRequestSerialization.h */ = {isa = PBXFileReference; fileEncoding = 4; lastKnownFileType = sourcecode.c.h; path = AFURLRequestSerialization.h; sourceTree = "<group>"; };
		04E8F9B318231CCB00A5576F /* AFURLRequestSerialization.m */ = {isa = PBXFileReference; fileEncoding = 4; lastKnownFileType = sourcecode.c.objc; path = AFURLRequestSerialization.m; sourceTree = "<group>"; };
		04E8F9B418231CCB00A5576F /* AFURLResponseSerialization.h */ = {isa = PBXFileReference; fileEncoding = 4; lastKnownFileType = sourcecode.c.h; path = AFURLResponseSerialization.h; sourceTree = "<group>"; };
		04E8F9B518231CCB00A5576F /* AFURLResponseSerialization.m */ = {isa = PBXFileReference; fileEncoding = 4; lastKnownFileType = sourcecode.c.objc; path = AFURLResponseSerialization.m; sourceTree = "<group>"; };
		04E8F9B618231CCB00A5576F /* AFURLSessionManager.h */ = {isa = PBXFileReference; fileEncoding = 4; lastKnownFileType = sourcecode.c.h; path = AFURLSessionManager.h; sourceTree = "<group>"; };
		04E8F9B718231CCB00A5576F /* AFURLSessionManager.m */ = {isa = PBXFileReference; fileEncoding = 4; lastKnownFileType = sourcecode.c.objc; path = AFURLSessionManager.m; sourceTree = "<group>"; };
		04E8F9B918231CCB00A5576F /* AFNetworkActivityIndicatorManager.h */ = {isa = PBXFileReference; fileEncoding = 4; lastKnownFileType = sourcecode.c.h; path = AFNetworkActivityIndicatorManager.h; sourceTree = "<group>"; };
		04E8F9BA18231CCB00A5576F /* AFNetworkActivityIndicatorManager.m */ = {isa = PBXFileReference; fileEncoding = 4; lastKnownFileType = sourcecode.c.objc; path = AFNetworkActivityIndicatorManager.m; sourceTree = "<group>"; };
		04E8F9BB18231CCB00A5576F /* UIActivityIndicatorView+AFNetworking.h */ = {isa = PBXFileReference; fileEncoding = 4; lastKnownFileType = sourcecode.c.h; path = "UIActivityIndicatorView+AFNetworking.h"; sourceTree = "<group>"; };
		04E8F9BC18231CCB00A5576F /* UIActivityIndicatorView+AFNetworking.m */ = {isa = PBXFileReference; fileEncoding = 4; lastKnownFileType = sourcecode.c.objc; path = "UIActivityIndicatorView+AFNetworking.m"; sourceTree = "<group>"; };
		04E8F9BD18231CCB00A5576F /* UIAlertView+AFNetworking.h */ = {isa = PBXFileReference; fileEncoding = 4; lastKnownFileType = sourcecode.c.h; path = "UIAlertView+AFNetworking.h"; sourceTree = "<group>"; };
		04E8F9BE18231CCB00A5576F /* UIAlertView+AFNetworking.m */ = {isa = PBXFileReference; fileEncoding = 4; lastKnownFileType = sourcecode.c.objc; path = "UIAlertView+AFNetworking.m"; sourceTree = "<group>"; };
		04E8F9BF18231CCB00A5576F /* UIButton+AFNetworking.h */ = {isa = PBXFileReference; fileEncoding = 4; lastKnownFileType = sourcecode.c.h; path = "UIButton+AFNetworking.h"; sourceTree = "<group>"; };
		04E8F9C018231CCB00A5576F /* UIButton+AFNetworking.m */ = {isa = PBXFileReference; fileEncoding = 4; lastKnownFileType = sourcecode.c.objc; path = "UIButton+AFNetworking.m"; sourceTree = "<group>"; };
		04E8F9C118231CCB00A5576F /* UIImageView+AFNetworking.h */ = {isa = PBXFileReference; fileEncoding = 4; lastKnownFileType = sourcecode.c.h; path = "UIImageView+AFNetworking.h"; sourceTree = "<group>"; };
		04E8F9C218231CCB00A5576F /* UIImageView+AFNetworking.m */ = {isa = PBXFileReference; fileEncoding = 4; lastKnownFileType = sourcecode.c.objc; path = "UIImageView+AFNetworking.m"; sourceTree = "<group>"; };
		04E8F9C318231CCB00A5576F /* UIKit+AFNetworking.h */ = {isa = PBXFileReference; fileEncoding = 4; lastKnownFileType = sourcecode.c.h; path = "UIKit+AFNetworking.h"; sourceTree = "<group>"; };
		04E8F9C418231CCB00A5576F /* UIProgressView+AFNetworking.h */ = {isa = PBXFileReference; fileEncoding = 4; lastKnownFileType = sourcecode.c.h; path = "UIProgressView+AFNetworking.h"; sourceTree = "<group>"; };
		04E8F9C518231CCB00A5576F /* UIProgressView+AFNetworking.m */ = {isa = PBXFileReference; fileEncoding = 4; lastKnownFileType = sourcecode.c.objc; path = "UIProgressView+AFNetworking.m"; sourceTree = "<group>"; };
		04E8F9C618231CCB00A5576F /* UIWebView+AFNetworking.h */ = {isa = PBXFileReference; fileEncoding = 4; lastKnownFileType = sourcecode.c.h; path = "UIWebView+AFNetworking.h"; sourceTree = "<group>"; };
		04E8F9C718231CCB00A5576F /* UIWebView+AFNetworking.m */ = {isa = PBXFileReference; fileEncoding = 4; lastKnownFileType = sourcecode.c.objc; path = "UIWebView+AFNetworking.m"; sourceTree = "<group>"; };
		04E8F9D818231D8100A5576F /* SystemConfiguration.framework */ = {isa = PBXFileReference; lastKnownFileType = wrapper.framework; name = SystemConfiguration.framework; path = System/Library/Frameworks/SystemConfiguration.framework; sourceTree = SDKROOT; };
		04E8F9DA18231DE200A5576F /* MobileCoreServices.framework */ = {isa = PBXFileReference; lastKnownFileType = wrapper.framework; name = MobileCoreServices.framework; path = System/Library/Frameworks/MobileCoreServices.framework; sourceTree = SDKROOT; };
		04E8F9E61823347500A5576F /* DataManager.h */ = {isa = PBXFileReference; fileEncoding = 4; lastKnownFileType = sourcecode.c.h; path = DataManager.h; sourceTree = "<group>"; };
		04E8F9E71823347500A5576F /* DataManager.m */ = {isa = PBXFileReference; fileEncoding = 4; lastKnownFileType = sourcecode.c.objc; path = DataManager.m; sourceTree = "<group>"; };
		04E8F9EA1823350F00A5576F /* EC_TEL.xcdatamodel */ = {isa = PBXFileReference; lastKnownFileType = wrapper.xcdatamodel; path = EC_TEL.xcdatamodel; sourceTree = "<group>"; };
		04E8F9EC1823382B00A5576F /* Author.h */ = {isa = PBXFileReference; fileEncoding = 4; lastKnownFileType = sourcecode.c.h; name = Author.h; path = models/Author.h; sourceTree = "<group>"; };
		04E8F9ED1823382B00A5576F /* Author.m */ = {isa = PBXFileReference; fileEncoding = 4; lastKnownFileType = sourcecode.c.objc; name = Author.m; path = models/Author.m; sourceTree = "<group>"; };
		04E8F9EF1823382B00A5576F /* Presentation.h */ = {isa = PBXFileReference; fileEncoding = 4; lastKnownFileType = sourcecode.c.h; name = Presentation.h; path = models/Presentation.h; sourceTree = "<group>"; };
		04E8F9F01823382B00A5576F /* Presentation.m */ = {isa = PBXFileReference; fileEncoding = 4; lastKnownFileType = sourcecode.c.objc; name = Presentation.m; path = models/Presentation.m; sourceTree = "<group>"; };
		04E8F9F21823382B00A5576F /* Content.h */ = {isa = PBXFileReference; fileEncoding = 4; lastKnownFileType = sourcecode.c.h; name = Content.h; path = models/Content.h; sourceTree = "<group>"; };
		04E8F9F31823382B00A5576F /* Content.m */ = {isa = PBXFileReference; fileEncoding = 4; lastKnownFileType = sourcecode.c.objc; name = Content.m; path = models/Content.m; sourceTree = "<group>"; };
		04E8F9F51823382C00A5576F /* Event.h */ = {isa = PBXFileReference; fileEncoding = 4; lastKnownFileType = sourcecode.c.h; name = Event.h; path = models/Event.h; sourceTree = "<group>"; };
		04E8F9F61823382C00A5576F /* Event.m */ = {isa = PBXFileReference; fileEncoding = 4; lastKnownFileType = sourcecode.c.objc; name = Event.m; path = models/Event.m; sourceTree = "<group>"; };
		04E8F9F81823382C00A5576F /* Session.h */ = {isa = PBXFileReference; fileEncoding = 4; lastKnownFileType = sourcecode.c.h; name = Session.h; path = models/Session.h; sourceTree = "<group>"; };
		04E8F9F91823382C00A5576F /* Session.m */ = {isa = PBXFileReference; fileEncoding = 4; lastKnownFileType = sourcecode.c.objc; name = Session.m; path = models/Session.m; sourceTree = "<group>"; };
		04EE2CF918273F88000AC33F /* ConferenceViewController.h */ = {isa = PBXFileReference; fileEncoding = 4; lastKnownFileType = sourcecode.c.h; path = ConferenceViewController.h; sourceTree = "<group>"; };
		04EE2CFA18273F88000AC33F /* ConferenceViewController.m */ = {isa = PBXFileReference; fileEncoding = 4; lastKnownFileType = sourcecode.c.objc; path = ConferenceViewController.m; sourceTree = "<group>"; };
		04EE2D0518274AA4000AC33F /* CN3Config.h */ = {isa = PBXFileReference; fileEncoding = 4; lastKnownFileType = sourcecode.c.h; path = CN3Config.h; sourceTree = "<group>"; };
/* End PBXFileReference section */

/* Begin PBXFrameworksBuildPhase section */
		04D7230B181F5F810015BBD6 /* Frameworks */ = {
			isa = PBXFrameworksBuildPhase;
			buildActionMask = 2147483647;
			files = (
				046510571845F4AE001DCB26 /* libsqlite3.dylib in Frameworks */,
				04E8F9DB18231DE200A5576F /* MobileCoreServices.framework in Frameworks */,
				04E8F9D918231D8100A5576F /* SystemConfiguration.framework in Frameworks */,
				04D72360181F61F30015BBD6 /* libz.1.2.5.dylib in Frameworks */,
				04D72314181F5F810015BBD6 /* CoreGraphics.framework in Frameworks */,
				04D72318181F5F810015BBD6 /* CoreData.framework in Frameworks */,
				04D72316181F5F810015BBD6 /* UIKit.framework in Frameworks */,
				04D72312181F5F810015BBD6 /* Foundation.framework in Frameworks */,
			);
			runOnlyForDeploymentPostprocessing = 0;
		};
		04D72334181F5F810015BBD6 /* Frameworks */ = {
			isa = PBXFrameworksBuildPhase;
			buildActionMask = 2147483647;
			files = (
				04D72339181F5F810015BBD6 /* XCTest.framework in Frameworks */,
				04D7233C181F5F810015BBD6 /* CoreData.framework in Frameworks */,
				04D7233B181F5F810015BBD6 /* UIKit.framework in Frameworks */,
				04D7233A181F5F810015BBD6 /* Foundation.framework in Frameworks */,
			);
			runOnlyForDeploymentPostprocessing = 0;
		};
/* End PBXFrameworksBuildPhase section */

/* Begin PBXGroup section */
		046510581845F4BC001DCB26 /* ORM */ = {
			isa = PBXGroup;
			children = (
				0465105B1845F4BC001DCB26 /* LKDaoBase.h */,
				0465105C1845F4BC001DCB26 /* LKDaoBase.m */,
			);
			path = ORM;
			sourceTree = "<group>";
		};
		046E3CB8184CACB90037F99C /* src */ = {
			isa = PBXGroup;
			children = (
				046E3CB9184CACB90037F99C /* NSData-SQLitePersistence.h */,
				046E3CBA184CACB90037F99C /* NSData-SQLitePersistence.m */,
				046E3CBB184CACB90037F99C /* NSDate-SQLitePersistence.h */,
				046E3CBC184CACB90037F99C /* NSDate-SQLitePersistence.m */,
				046E3CBD184CACB90037F99C /* NSMutableArray-MultipleSort.h */,
				046E3CBE184CACB90037F99C /* NSMutableArray-MultipleSort.m */,
				046E3CBF184CACB90037F99C /* NSMutableData-SQLitePersistence.h */,
				046E3CC0184CACB90037F99C /* NSMutableData-SQLitePersistence.m */,
				046E3CC1184CACB90037F99C /* NSNumber-SQLitePersistence.h */,
				046E3CC2184CACB90037F99C /* NSNumber-SQLitePersistence.m */,
				046E3CC3184CACB90037F99C /* NSObject-ClassName.h */,
				046E3CC4184CACB90037F99C /* NSObject-ClassName.m */,
				046E3CC5184CACB90037F99C /* NSObject-MissingKV.h */,
				046E3CC6184CACB90037F99C /* NSObject-MissingKV.m */,
				046E3CC7184CACB90037F99C /* NSObject-SQLitePersistence.h */,
				046E3CC8184CACB90037F99C /* NSObject-SQLitePersistence.m */,
				046E3CC9184CACB90037F99C /* NSString-NumberStuff.h */,
				046E3CCA184CACB90037F99C /* NSString-NumberStuff.m */,
				046E3CCB184CACB90037F99C /* NSString-SQLiteColumnName.h */,
				046E3CCC184CACB90037F99C /* NSString-SQLiteColumnName.m */,
				046E3CCD184CACB90037F99C /* NSString-SQLitePersistence.h */,
				046E3CCE184CACB90037F99C /* NSString-SQLitePersistence.m */,
				046E3CCF184CACB90037F99C /* NSString-UppercaseFirst.h */,
				046E3CD0184CACB90037F99C /* NSString-UppercaseFirst.m */,
				046E3CD1184CACB90037F99C /* SQLiteInstanceManager.h */,
				046E3CD2184CACB90037F99C /* SQLiteInstanceManager.m */,
				046E3CD3184CACB90037F99C /* SQLitePersistentObject.h */,
				046E3CD4184CACB90037F99C /* SQLitePersistentObject.m */,
				046E3CD5184CACB90037F99C /* UIColor-SQLitePersistentObject.h */,
				046E3CD6184CACB90037F99C /* UIColor-SQLitePersistentObject.m */,
				046E3CD7184CACB90037F99C /* UIImage-SQLitePersistence.h */,
				046E3CD8184CACB90037F99C /* UIImage-SQLitePersistence.m */,
			);
			path = src;
			sourceTree = "<group>";
		};
		047EC1681845F30500E43F1B /* FMDB */ = {
			isa = PBXGroup;
			children = (
				046E3CB8184CACB90037F99C /* src */,
				046510581845F4BC001DCB26 /* ORM */,
				047EC1691845F30500E43F1B /* FMDatabase.h */,
				047EC16A1845F30500E43F1B /* FMDatabase.m */,
				047EC16B1845F30500E43F1B /* FMDatabaseAdditions.h */,
				047EC16C1845F30500E43F1B /* FMDatabaseAdditions.m */,
				047EC16D1845F30500E43F1B /* FMDatabasePool.h */,
				047EC16E1845F30500E43F1B /* FMDatabasePool.m */,
				047EC16F1845F30500E43F1B /* FMDatabaseQueue.h */,
				047EC1701845F30500E43F1B /* FMDatabaseQueue.m */,
				047EC1711845F30500E43F1B /* FMResultSet.h */,
				047EC1721845F30500E43F1B /* FMResultSet.m */,
			);
			path = FMDB;
			sourceTree = "<group>";
		};
		047EC1781845F34500E43F1B /* Sandbox */ = {
			isa = PBXGroup;
			children = (
				047EC1791845F34500E43F1B /* SandboxFile.h */,
				047EC17A1845F34500E43F1B /* SandboxFile.m */,
			);
			path = Sandbox;
			sourceTree = "<group>";
		};
		04A399411847025F00584E66 /* Progress */ = {
			isa = PBXGroup;
			children = (
				04A399421847025F00584E66 /* Blur */,
				04A399471847025F00584E66 /* Components */,
				04A399521847025F00584E66 /* MRProgress.h */,
				04A399531847025F00584E66 /* Utils */,
			);
			path = Progress;
			sourceTree = "<group>";
		};
		04A399421847025F00584E66 /* Blur */ = {
			isa = PBXGroup;
			children = (
				04A399431847025F00584E66 /* MRBlurView.h */,
				04A399441847025F00584E66 /* MRBlurView.m */,
				04A399451847025F00584E66 /* UIImage+MRImageEffects.h */,
				04A399461847025F00584E66 /* UIImage+MRImageEffects.m */,
			);
			path = Blur;
			sourceTree = "<group>";
		};
		04A399471847025F00584E66 /* Components */ = {
			isa = PBXGroup;
			children = (
				04A399481847025F00584E66 /* MRActivityIndicatorView.h */,
				04A399491847025F00584E66 /* MRActivityIndicatorView.m */,
				04A3994A1847025F00584E66 /* MRCircularProgressView.h */,
				04A3994B1847025F00584E66 /* MRCircularProgressView.m */,
				04A3994C1847025F00584E66 /* MRIconView.h */,
				04A3994D1847025F00584E66 /* MRIconView.m */,
				04A3994E1847025F00584E66 /* MRNavigationBarProgressView.h */,
				04A3994F1847025F00584E66 /* MRNavigationBarProgressView.m */,
				04A399501847025F00584E66 /* MRProgressOverlayView.h */,
				04A399511847025F00584E66 /* MRProgressOverlayView.m */,
			);
			path = Components;
			sourceTree = "<group>";
		};
		04A399531847025F00584E66 /* Utils */ = {
			isa = PBXGroup;
			children = (
				04A399541847025F00584E66 /* MRMessageInterceptor.h */,
				04A399551847025F00584E66 /* MRMessageInterceptor.m */,
				04A399561847025F00584E66 /* MRProgressHelper.h */,
				04A399571847025F00584E66 /* MRWeakProxy.h */,
				04A399581847025F00584E66 /* MRWeakProxy.m */,
			);
			path = Utils;
			sourceTree = "<group>";
		};
		04D72305181F5F810015BBD6 = {
			isa = PBXGroup;
			children = (
				04D72319181F5F810015BBD6 /* EC TEL */,
				04D7233F181F5F810015BBD6 /* EC TELTests */,
				04D72310181F5F810015BBD6 /* Frameworks */,
				04D7230F181F5F810015BBD6 /* Products */,
			);
			sourceTree = "<group>";
		};
		04D7230F181F5F810015BBD6 /* Products */ = {
			isa = PBXGroup;
			children = (
				04D7230E181F5F810015BBD6 /* EC TEL.app */,
				04D72337181F5F810015BBD6 /* EC TELTests.xctest */,
			);
			name = Products;
			sourceTree = "<group>";
		};
		04D72310181F5F810015BBD6 /* Frameworks */ = {
			isa = PBXGroup;
			children = (
				046510561845F4AE001DCB26 /* libsqlite3.dylib */,
				04E8F9DA18231DE200A5576F /* MobileCoreServices.framework */,
				04E8F9D818231D8100A5576F /* SystemConfiguration.framework */,
				04D7235F181F61F30015BBD6 /* libz.1.2.5.dylib */,
				04D72311181F5F810015BBD6 /* Foundation.framework */,
				04D72313181F5F810015BBD6 /* CoreGraphics.framework */,
				04D72315181F5F810015BBD6 /* UIKit.framework */,
				04D72317181F5F810015BBD6 /* CoreData.framework */,
				04D72338181F5F810015BBD6 /* XCTest.framework */,
			);
			name = Frameworks;
			sourceTree = "<group>";
		};
		04D72319181F5F810015BBD6 /* EC TEL */ = {
			isa = PBXGroup;
			children = (
				04EE2D0018274AA4000AC33F /* CN3API */,
				04EE2CFC1827470C000AC33F /* utils */,
				04E8F9DF18232B2A00A5576F /* viewcontrollers */,
				04E8F9771822956700A5576F /* images */,
				04D7234F181F61AD0015BBD6 /* third_part */,
				04D72322181F5F810015BBD6 /* AppDelegate.h */,
				04D72323181F5F810015BBD6 /* AppDelegate.m */,
				04D72331181F5F810015BBD6 /* Images.xcassets */,
				04E8F9E91823350F00A5576F /* EC_TEL.xcdatamodeld */,
				04E8F9FB1823385100A5576F /* models */,
				04D7231A181F5F810015BBD6 /* Supporting Files */,
				04E8F97518227E3E00A5576F /* EC_TEL.storyboard */,
			);
			path = "EC TEL";
			sourceTree = "<group>";
		};
		04D7231A181F5F810015BBD6 /* Supporting Files */ = {
			isa = PBXGroup;
			children = (
				04D7231B181F5F810015BBD6 /* EC TEL-Info.plist */,
				04D7231C181F5F810015BBD6 /* InfoPlist.strings */,
				04D7231F181F5F810015BBD6 /* main.m */,
				04D72321181F5F810015BBD6 /* EC TEL-Prefix.pch */,
			);
			name = "Supporting Files";
			sourceTree = "<group>";
		};
		04D7233F181F5F810015BBD6 /* EC TELTests */ = {
			isa = PBXGroup;
			children = (
				04D72345181F5F810015BBD6 /* EC_TELTests.m */,
				04D72340181F5F810015BBD6 /* Supporting Files */,
			);
			path = "EC TELTests";
			sourceTree = "<group>";
		};
		04D72340181F5F810015BBD6 /* Supporting Files */ = {
			isa = PBXGroup;
			children = (
				04D72341181F5F810015BBD6 /* EC TELTests-Info.plist */,
				04D72342181F5F810015BBD6 /* InfoPlist.strings */,
			);
			name = "Supporting Files";
			sourceTree = "<group>";
		};
		04D7234F181F61AD0015BBD6 /* third_part */ = {
			isa = PBXGroup;
			children = (
				04A876EB184E22F3006C46EF /* RatingView.h */,
				04A876EC184E22F3006C46EF /* RatingView.m */,
				040184391849AB6F00ECEFFE /* UIAlertView+Blocks.h */,
				0401843A1849AB6F00ECEFFE /* UIAlertView+Blocks.m */,
				04A399411847025F00584E66 /* Progress */,
				047EC1781845F34500E43F1B /* Sandbox */,
				047EC1681845F30500E43F1B /* FMDB */,
				04E8F9A418231CCB00A5576F /* AFNetworking */,
				04E8F9B818231CCB00A5576F /* UIKit+AFNetworking */,
				04D72350181F61AD0015BBD6 /* MBProgressHUD.h */,
				04D72351181F61AD0015BBD6 /* MBProgressHUD.m */,
				04D72352181F61AD0015BBD6 /* NetUtil.h */,
				04D72353181F61AD0015BBD6 /* NetUtil.m */,
				04D72354181F61AD0015BBD6 /* NSDataAdditions.h */,
				04D72355181F61AD0015BBD6 /* NSDataAdditions.m */,
				04D72356181F61AD0015BBD6 /* Reachability.h */,
				049F3E681848695800B10217 /* StringHelper.h */,
				049F3E691848695800B10217 /* StringHelper.m */,
				04D72357181F61AD0015BBD6 /* Reachability.m */,
				04D72358181F61AD0015BBD6 /* TBXML.h */,
				04D72359181F61AD0015BBD6 /* TBXML.m */,
			);
			path = third_part;
			sourceTree = "<group>";
		};
		04E8F9771822956700A5576F /* images */ = {
			isa = PBXGroup;
			children = (
				04A876EE184E2330006C46EF /* 0.png */,
				04A876EF184E2330006C46EF /* 1.png */,
				04A876F0184E2330006C46EF /* 2.png */,
				04E8F9781822956700A5576F /* 137-presentation.png */,
				04E8F9791822956700A5576F /* 28-star.png */,
				04E8F97A1822956800A5576F /* 37x-Checkmark.png */,
				04E8F97B1822956800A5576F /* 37x-Checkmark@2x.png */,
				04E8F97C1822956800A5576F /* 58-bookmark.png */,
				04E8F97D1822956800A5576F /* 96-book.png */,
				04E8F97E1822956800A5576F /* avatar.png */,
				04E8F97F1822956800A5576F /* banner.png */,
				04E8F9801822956800A5576F /* calendar_add.png */,
				04E8F9811822956800A5576F /* calendar_delete.png */,
				04E8F9821822956800A5576F /* Default.png */,
				04E8F9831822956800A5576F /* group.png */,
				04E8F9841822956800A5576F /* info_20.png */,
				04E8F9851822956800A5576F /* mobile_512_icon_iphone.jpg */,
				04E8F9861822956800A5576F /* myschedule.png */,
				04E8F9871822956800A5576F /* share_blue.png */,
				04E8F9881822956800A5576F /* star_add2.png */,
				04E8F9891822956800A5576F /* star_delete2.png */,
				04E8F98A1822956800A5576F /* tags.png */,
				04E8F98B1822956800A5576F /* thumb-25.png */,
				04E8F98C1822956800A5576F /* thumbsup.png */,
			);
			path = images;
			sourceTree = "<group>";
		};
		04E8F9A418231CCB00A5576F /* AFNetworking */ = {
			isa = PBXGroup;
			children = (
				04E8F9A518231CCB00A5576F /* AFHTTPRequestOperation.h */,
				04E8F9A618231CCB00A5576F /* AFHTTPRequestOperation.m */,
				04E8F9A718231CCB00A5576F /* AFHTTPRequestOperationManager.h */,
				04E8F9A818231CCB00A5576F /* AFHTTPRequestOperationManager.m */,
				04E8F9A918231CCB00A5576F /* AFHTTPSessionManager.h */,
				04E8F9AA18231CCB00A5576F /* AFHTTPSessionManager.m */,
				04E8F9AB18231CCB00A5576F /* AFNetworking.h */,
				04E8F9AC18231CCB00A5576F /* AFNetworkReachabilityManager.h */,
				04E8F9AD18231CCB00A5576F /* AFNetworkReachabilityManager.m */,
				04E8F9AE18231CCB00A5576F /* AFSecurityPolicy.h */,
				04E8F9AF18231CCB00A5576F /* AFSecurityPolicy.m */,
				04E8F9B018231CCB00A5576F /* AFURLConnectionOperation.h */,
				04E8F9B118231CCB00A5576F /* AFURLConnectionOperation.m */,
				04E8F9B218231CCB00A5576F /* AFURLRequestSerialization.h */,
				04E8F9B318231CCB00A5576F /* AFURLRequestSerialization.m */,
				04E8F9B418231CCB00A5576F /* AFURLResponseSerialization.h */,
				04E8F9B518231CCB00A5576F /* AFURLResponseSerialization.m */,
				04E8F9B618231CCB00A5576F /* AFURLSessionManager.h */,
				04E8F9B718231CCB00A5576F /* AFURLSessionManager.m */,
			);
			path = AFNetworking;
			sourceTree = "<group>";
		};
		04E8F9B818231CCB00A5576F /* UIKit+AFNetworking */ = {
			isa = PBXGroup;
			children = (
				04E8F9B918231CCB00A5576F /* AFNetworkActivityIndicatorManager.h */,
				04E8F9BA18231CCB00A5576F /* AFNetworkActivityIndicatorManager.m */,
				04E8F9BB18231CCB00A5576F /* UIActivityIndicatorView+AFNetworking.h */,
				04E8F9BC18231CCB00A5576F /* UIActivityIndicatorView+AFNetworking.m */,
				04E8F9BD18231CCB00A5576F /* UIAlertView+AFNetworking.h */,
				04E8F9BE18231CCB00A5576F /* UIAlertView+AFNetworking.m */,
				04E8F9BF18231CCB00A5576F /* UIButton+AFNetworking.h */,
				04E8F9C018231CCB00A5576F /* UIButton+AFNetworking.m */,
				04E8F9C118231CCB00A5576F /* UIImageView+AFNetworking.h */,
				04E8F9C218231CCB00A5576F /* UIImageView+AFNetworking.m */,
				04E8F9C318231CCB00A5576F /* UIKit+AFNetworking.h */,
				04E8F9C418231CCB00A5576F /* UIProgressView+AFNetworking.h */,
				04E8F9C518231CCB00A5576F /* UIProgressView+AFNetworking.m */,
				04E8F9C618231CCB00A5576F /* UIWebView+AFNetworking.h */,
				04E8F9C718231CCB00A5576F /* UIWebView+AFNetworking.m */,
			);
			path = "UIKit+AFNetworking";
			sourceTree = "<group>";
		};
		04E8F9DF18232B2A00A5576F /* viewcontrollers */ = {
			isa = PBXGroup;
			children = (
				04EE2CF918273F88000AC33F /* ConferenceViewController.h */,
				04EE2CFA18273F88000AC33F /* ConferenceViewController.m */,
				0465105F1846594D001DCB26 /* SessionListViewController.h */,
				046510601846594D001DCB26 /* SessionListViewController.m */,
				0465106218466B6E001DCB26 /* SessionDetailListViewController.h */,
				0465106318466B6E001DCB26 /* SessionDetailListViewController.m */,
				04A3993E1847011300584E66 /* ContentDetailViewController.h */,
				04A3993F1847011300584E66 /* ContentDetailViewController.m */,
				049F3E5F18484F0A00B10217 /* ContentSummaryCell.h */,
				049F3E6018484F0A00B10217 /* ContentSummaryCell.m */,
				049F3E6218485C9E00B10217 /* AuthorDetailViewController.h */,
				049F3E6318485C9E00B10217 /* AuthorDetailViewController.m */,
				049F3E651848658100B10217 /* ProceedingViewController.h */,
				049F3E661848658100B10217 /* ProceedingViewController.m */,
				049F3E6B1848850900B10217 /* AuthorListViewController.h */,
				049F3E6C1848850900B10217 /* AuthorListViewController.m */,
				0401842D18499DCB00ECEFFE /* LoginViewController.h */,
				0401842E18499DCB00ECEFFE /* LoginViewController.m */,
				040184301849A03F00ECEFFE /* SignUpViewController.h */,
				040184311849A03F00ECEFFE /* SignUpViewController.m */,
				040184331849A65D00ECEFFE /* MyProgramViewController.h */,
				040184341849A65D00ECEFFE /* MyProgramViewController.m */,
				040184361849A7C300ECEFFE /* Recommendatons.h */,
				040184371849A7C300ECEFFE /* Recommendatons.m */,
				0401843C1849AFC100ECEFFE /* MyScheduleViewController.h */,
				0401843D1849AFC100ECEFFE /* MyScheduleViewController.m */,
				0401843F1849B07F00ECEFFE /* MyReadingListViewController.h */,
				040184401849B07F00ECEFFE /* MyReadingListViewController.m */,
				04A9F8861849E42000D530D3 /* NSObject+Alert.h */,
				04A9F8871849E42000D530D3 /* NSObject+Alert.m */,
			);
			name = viewcontrollers;
			sourceTree = "<group>";
		};
		04E8F9FB1823385100A5576F /* models */ = {
			isa = PBXGroup;
			children = (
				0408DF4D1827CC0B006E3900 /* User.h */,
				0408DF4E1827CC0B006E3900 /* User.m */,
				04E8F9F81823382C00A5576F /* Session.h */,
				04E8F9F91823382C00A5576F /* Session.m */,
				04E8F9F51823382C00A5576F /* Event.h */,
				04E8F9F61823382C00A5576F /* Event.m */,
				04E8F9F21823382B00A5576F /* Content.h */,
				04E8F9F31823382B00A5576F /* Content.m */,
				04E8F9EF1823382B00A5576F /* Presentation.h */,
				04E8F9F01823382B00A5576F /* Presentation.m */,
				04E8F9EC1823382B00A5576F /* Author.h */,
				04E8F9ED1823382B00A5576F /* Author.m */,
				049F3E5C184848D900B10217 /* RecomentItem.h */,
				049F3E5D184848D900B10217 /* RecomentItem.m */,
				04A9F8891849F9A700D530D3 /* RecomendationItem.h */,
				04A9F88A1849F9A700D530D3 /* RecomendationItem.m */,
				040BFB79184C349D009FB2CA /* BookMarkItem.h */,
				040BFB7A184C349D009FB2CA /* BookMarkItem.m */,
			);
			name = models;
			sourceTree = "<group>";
		};
		04EE2CFC1827470C000AC33F /* utils */ = {
			isa = PBXGroup;
			children = (
				04E8F9E61823347500A5576F /* DataManager.h */,
				04E8F9E71823347500A5576F /* DataManager.m */,
			);
			name = utils;
			sourceTree = "<group>";
		};
		04EE2D0018274AA4000AC33F /* CN3API */ = {
			isa = PBXGroup;
			children = (
				04EE2D0518274AA4000AC33F /* CN3Config.h */,
			);
			path = CN3API;
			sourceTree = "<group>";
		};
/* End PBXGroup section */

/* Begin PBXNativeTarget section */
		04D7230D181F5F810015BBD6 /* EC TEL */ = {
			isa = PBXNativeTarget;
			buildConfigurationList = 04D72349181F5F810015BBD6 /* Build configuration list for PBXNativeTarget "EC TEL" */;
			buildPhases = (
				04D7230A181F5F810015BBD6 /* Sources */,
				04D7230B181F5F810015BBD6 /* Frameworks */,
				04D7230C181F5F810015BBD6 /* Resources */,
			);
			buildRules = (
			);
			dependencies = (
			);
			name = "EC TEL";
			productName = "EC TEL";
			productReference = 04D7230E181F5F810015BBD6 /* EC TEL.app */;
			productType = "com.apple.product-type.application";
		};
		04D72336181F5F810015BBD6 /* EC TELTests */ = {
			isa = PBXNativeTarget;
			buildConfigurationList = 04D7234C181F5F810015BBD6 /* Build configuration list for PBXNativeTarget "EC TELTests" */;
			buildPhases = (
				04D72333181F5F810015BBD6 /* Sources */,
				04D72334181F5F810015BBD6 /* Frameworks */,
				04D72335181F5F810015BBD6 /* Resources */,
			);
			buildRules = (
			);
			dependencies = (
				04D7233E181F5F810015BBD6 /* PBXTargetDependency */,
			);
			name = "EC TELTests";
			productName = "EC TELTests";
			productReference = 04D72337181F5F810015BBD6 /* EC TELTests.xctest */;
			productType = "com.apple.product-type.bundle.unit-test";
		};
/* End PBXNativeTarget section */

/* Begin PBXProject section */
		04D72306181F5F810015BBD6 /* Project object */ = {
			isa = PBXProject;
			attributes = {
				LastUpgradeCheck = 0500;
				ORGANIZATIONNAME = skysent.cn;
				TargetAttributes = {
					04D72336181F5F810015BBD6 = {
						TestTargetID = 04D7230D181F5F810015BBD6;
					};
				};
			};
			buildConfigurationList = 04D72309181F5F810015BBD6 /* Build configuration list for PBXProject "EC TEL" */;
			compatibilityVersion = "Xcode 3.2";
			developmentRegion = English;
			hasScannedForEncodings = 0;
			knownRegions = (
				en,
				Base,
			);
			mainGroup = 04D72305181F5F810015BBD6;
			productRefGroup = 04D7230F181F5F810015BBD6 /* Products */;
			projectDirPath = "";
			projectRoot = "";
			targets = (
				04D7230D181F5F810015BBD6 /* EC TEL */,
				04D72336181F5F810015BBD6 /* EC TELTests */,
			);
		};
/* End PBXProject section */

/* Begin PBXResourcesBuildPhase section */
		04D7230C181F5F810015BBD6 /* Resources */ = {
			isa = PBXResourcesBuildPhase;
			buildActionMask = 2147483647;
			files = (
				04E8F99F1822956800A5576F /* tags.png in Resources */,
				04E8F9A01822956800A5576F /* thumb-25.png in Resources */,
				04E8F9921822956800A5576F /* 96-book.png in Resources */,
				04E8F9901822956800A5576F /* 37x-Checkmark@2x.png in Resources */,
				04E8F99B1822956800A5576F /* myschedule.png in Resources */,
				04A876F2184E2330006C46EF /* 1.png in Resources */,
				04D72332181F5F810015BBD6 /* Images.xcassets in Resources */,
				04E8F99E1822956800A5576F /* star_delete2.png in Resources */,
				04E8F9A11822956800A5576F /* thumbsup.png in Resources */,
				04E8F99D1822956800A5576F /* star_add2.png in Resources */,
				04E8F99C1822956800A5576F /* share_blue.png in Resources */,
				04E8F9981822956800A5576F /* group.png in Resources */,
				04E8F9911822956800A5576F /* 58-bookmark.png in Resources */,
				04E8F99A1822956800A5576F /* mobile_512_icon_iphone.jpg in Resources */,
				04E8F97618227E3E00A5576F /* EC_TEL.storyboard in Resources */,
				04A876F3184E2330006C46EF /* 2.png in Resources */,
				04E8F98F1822956800A5576F /* 37x-Checkmark.png in Resources */,
				04E8F9931822956800A5576F /* avatar.png in Resources */,
				04E8F9941822956800A5576F /* banner.png in Resources */,
				04D7231E181F5F810015BBD6 /* InfoPlist.strings in Resources */,
				04E8F9951822956800A5576F /* calendar_add.png in Resources */,
				04E8F9991822956800A5576F /* info_20.png in Resources */,
				04E8F9961822956800A5576F /* calendar_delete.png in Resources */,
				04A876F1184E2330006C46EF /* 0.png in Resources */,
				04E8F9971822956800A5576F /* Default.png in Resources */,
				04E8F98D1822956800A5576F /* 137-presentation.png in Resources */,
				04E8F98E1822956800A5576F /* 28-star.png in Resources */,
			);
			runOnlyForDeploymentPostprocessing = 0;
		};
		04D72335181F5F810015BBD6 /* Resources */ = {
			isa = PBXResourcesBuildPhase;
			buildActionMask = 2147483647;
			files = (
				04D72344181F5F810015BBD6 /* InfoPlist.strings in Resources */,
			);
			runOnlyForDeploymentPostprocessing = 0;
		};
/* End PBXResourcesBuildPhase section */

/* Begin PBXSourcesBuildPhase section */
		04D7230A181F5F810015BBD6 /* Sources */ = {
			isa = PBXSourcesBuildPhase;
			buildActionMask = 2147483647;
			files = (
				0401842F18499DCB00ECEFFE /* LoginViewController.m in Sources */,
				046E3CDF184CACB90037F99C /* NSObject-MissingKV.m in Sources */,
				04A3995F1847025F00584E66 /* MRProgressOverlayView.m in Sources */,
				04A876ED184E22F3006C46EF /* RatingView.m in Sources */,
				04E8F9D018231CCB00A5576F /* AFURLSessionManager.m in Sources */,
				046E3CE5184CACB90037F99C /* SQLiteInstanceManager.m in Sources */,
				04A399611847025F00584E66 /* MRWeakProxy.m in Sources */,
				04E8F9CD18231CCB00A5576F /* AFURLConnectionOperation.m in Sources */,
				04E8F9D418231CCB00A5576F /* UIButton+AFNetworking.m in Sources */,
				04E8F9D618231CCB00A5576F /* UIProgressView+AFNetworking.m in Sources */,
				0408DF4F1827CC0B006E3900 /* User.m in Sources */,
				046E3CE3184CACB90037F99C /* NSString-SQLitePersistence.m in Sources */,
				04E8F9F41823382B00A5576F /* Content.m in Sources */,
				046510611846594D001DCB26 /* SessionListViewController.m in Sources */,
				04E8F9C818231CCB00A5576F /* AFHTTPRequestOperation.m in Sources */,
				04D7235C181F61AD0015BBD6 /* NSDataAdditions.m in Sources */,
				046E3CDE184CACB90037F99C /* NSObject-ClassName.m in Sources */,
				04E8F9D318231CCB00A5576F /* UIAlertView+AFNetworking.m in Sources */,
				04E8F9FA1823382C00A5576F /* Session.m in Sources */,
				04A399601847025F00584E66 /* MRMessageInterceptor.m in Sources */,
				046E3CE6184CACB90037F99C /* SQLitePersistentObject.m in Sources */,
				046E3CDC184CACB90037F99C /* NSMutableData-SQLitePersistence.m in Sources */,
				04A9F88B1849F9A700D530D3 /* RecomendationItem.m in Sources */,
				04A3995C1847025F00584E66 /* MRCircularProgressView.m in Sources */,
				046E3CE4184CACB90037F99C /* NSString-UppercaseFirst.m in Sources */,
				0465105E1845F4BC001DCB26 /* LKDaoBase.m in Sources */,
				04E8F9C918231CCB00A5576F /* AFHTTPRequestOperationManager.m in Sources */,
				04A3995A1847025F00584E66 /* UIImage+MRImageEffects.m in Sources */,
				040184411849B07F00ECEFFE /* MyReadingListViewController.m in Sources */,
				04D7235E181F61AD0015BBD6 /* TBXML.m in Sources */,
				04A3995B1847025F00584E66 /* MRActivityIndicatorView.m in Sources */,
				049F3E6418485C9E00B10217 /* AuthorDetailViewController.m in Sources */,
				047EC1761845F30500E43F1B /* FMDatabaseQueue.m in Sources */,
				047EC17B1845F34500E43F1B /* SandboxFile.m in Sources */,
				04D72324181F5F810015BBD6 /* AppDelegate.m in Sources */,
				047EC1751845F30500E43F1B /* FMDatabasePool.m in Sources */,
				04EE2CFB18273F88000AC33F /* ConferenceViewController.m in Sources */,
				04E8F9D518231CCB00A5576F /* UIImageView+AFNetworking.m in Sources */,
				04E8F9F71823382C00A5576F /* Event.m in Sources */,
				046E3CDB184CACB90037F99C /* NSMutableArray-MultipleSort.m in Sources */,
				046E3CE8184CACB90037F99C /* UIImage-SQLitePersistence.m in Sources */,
				04E8F9CA18231CCB00A5576F /* AFHTTPSessionManager.m in Sources */,
				04E8F9D218231CCB00A5576F /* UIActivityIndicatorView+AFNetworking.m in Sources */,
				049F3E5E184848D900B10217 /* RecomentItem.m in Sources */,
				040184381849A7C300ECEFFE /* Recommendatons.m in Sources */,
				046E3CE1184CACB90037F99C /* NSString-NumberStuff.m in Sources */,
				0401843B1849AB6F00ECEFFE /* UIAlertView+Blocks.m in Sources */,
				046E3CE2184CACB90037F99C /* NSString-SQLiteColumnName.m in Sources */,
				04E8F9D118231CCB00A5576F /* AFNetworkActivityIndicatorManager.m in Sources */,
				04A9F8881849E42000D530D3 /* NSObject+Alert.m in Sources */,
				046E3CE0184CACB90037F99C /* NSObject-SQLitePersistence.m in Sources */,
				049F3E6A1848695800B10217 /* StringHelper.m in Sources */,
				049F3E6D1848850900B10217 /* AuthorListViewController.m in Sources */,
				047EC1741845F30500E43F1B /* FMDatabaseAdditions.m in Sources */,
				04A3995E1847025F00584E66 /* MRNavigationBarProgressView.m in Sources */,
				04D72320181F5F810015BBD6 /* main.m in Sources */,
				046E3CDD184CACB90037F99C /* NSNumber-SQLitePersistence.m in Sources */,
				04D7235D181F61AD0015BBD6 /* Reachability.m in Sources */,
				047EC1771845F30500E43F1B /* FMResultSet.m in Sources */,
				047EC1731845F30500E43F1B /* FMDatabase.m in Sources */,
				04A399401847011300584E66 /* ContentDetailViewController.m in Sources */,
				049F3E6118484F0A00B10217 /* ContentSummaryCell.m in Sources */,
				04D7235B181F61AD0015BBD6 /* NetUtil.m in Sources */,
				04E8F9CC18231CCB00A5576F /* AFSecurityPolicy.m in Sources */,
				046E3CDA184CACB90037F99C /* NSDate-SQLitePersistence.m in Sources */,
				04E8F9E81823347500A5576F /* DataManager.m in Sources */,
				04E8F9EE1823382B00A5576F /* Author.m in Sources */,
				046E3CD9184CACB90037F99C /* NSData-SQLitePersistence.m in Sources */,
				04A3995D1847025F00584E66 /* MRIconView.m in Sources */,
				049F3E671848658100B10217 /* ProceedingViewController.m in Sources */,
				04E8F9CE18231CCB00A5576F /* AFURLRequestSerialization.m in Sources */,
				0465106418466B6E001DCB26 /* SessionDetailListViewController.m in Sources */,
				040184321849A03F00ECEFFE /* SignUpViewController.m in Sources */,
				04E8F9D718231CCB00A5576F /* UIWebView+AFNetworking.m in Sources */,
				040BFB7B184C349D009FB2CA /* BookMarkItem.m in Sources */,
				040184351849A65D00ECEFFE /* MyProgramViewController.m in Sources */,
				04A399591847025F00584E66 /* MRBlurView.m in Sources */,
				0401843E1849AFC100ECEFFE /* MyScheduleViewController.m in Sources */,
				04E8F9EB1823350F00A5576F /* EC_TEL.xcdatamodeld in Sources */,
				04E8F9CB18231CCB00A5576F /* AFNetworkReachabilityManager.m in Sources */,
				04E8F9F11823382B00A5576F /* Presentation.m in Sources */,
				04E8F9CF18231CCB00A5576F /* AFURLResponseSerialization.m in Sources */,
				046E3CE7184CACB90037F99C /* UIColor-SQLitePersistentObject.m in Sources */,
				04D7235A181F61AD0015BBD6 /* MBProgressHUD.m in Sources */,
			);
			runOnlyForDeploymentPostprocessing = 0;
		};
		04D72333181F5F810015BBD6 /* Sources */ = {
			isa = PBXSourcesBuildPhase;
			buildActionMask = 2147483647;
			files = (
				04D72346181F5F810015BBD6 /* EC_TELTests.m in Sources */,
			);
			runOnlyForDeploymentPostprocessing = 0;
		};
/* End PBXSourcesBuildPhase section */

/* Begin PBXTargetDependency section */
		04D7233E181F5F810015BBD6 /* PBXTargetDependency */ = {
			isa = PBXTargetDependency;
			target = 04D7230D181F5F810015BBD6 /* EC TEL */;
			targetProxy = 04D7233D181F5F810015BBD6 /* PBXContainerItemProxy */;
		};
/* End PBXTargetDependency section */

/* Begin PBXVariantGroup section */
		04D7231C181F5F810015BBD6 /* InfoPlist.strings */ = {
			isa = PBXVariantGroup;
			children = (
				04D7231D181F5F810015BBD6 /* en */,
			);
			name = InfoPlist.strings;
			sourceTree = "<group>";
		};
		04D72342181F5F810015BBD6 /* InfoPlist.strings */ = {
			isa = PBXVariantGroup;
			children = (
				04D72343181F5F810015BBD6 /* en */,
			);
			name = InfoPlist.strings;
			sourceTree = "<group>";
		};
/* End PBXVariantGroup section */

/* Begin XCBuildConfiguration section */
		04D72347181F5F810015BBD6 /* Debug */ = {
			isa = XCBuildConfiguration;
			buildSettings = {
				ALWAYS_SEARCH_USER_PATHS = NO;
				ARCHS = "$(ARCHS_STANDARD_INCLUDING_64_BIT)";
				CLANG_CXX_LANGUAGE_STANDARD = "gnu++0x";
				CLANG_CXX_LIBRARY = "libc++";
				CLANG_ENABLE_MODULES = YES;
				CLANG_ENABLE_OBJC_ARC = YES;
				CLANG_WARN_BOOL_CONVERSION = YES;
				CLANG_WARN_CONSTANT_CONVERSION = YES;
				CLANG_WARN_DIRECT_OBJC_ISA_USAGE = YES_ERROR;
				CLANG_WARN_EMPTY_BODY = YES;
				CLANG_WARN_ENUM_CONVERSION = YES;
				CLANG_WARN_INT_CONVERSION = YES;
				CLANG_WARN_OBJC_ROOT_CLASS = YES_ERROR;
				CLANG_WARN__DUPLICATE_METHOD_MATCH = YES;
				"CODE_SIGN_IDENTITY[sdk=iphoneos*]" = "iPhone Developer";
				COPY_PHASE_STRIP = NO;
				GCC_C_LANGUAGE_STANDARD = gnu99;
				GCC_DYNAMIC_NO_PIC = NO;
				GCC_OPTIMIZATION_LEVEL = 0;
				GCC_PREPROCESSOR_DEFINITIONS = (
					"DEBUG=1",
					"$(inherited)",
				);
				GCC_SYMBOLS_PRIVATE_EXTERN = NO;
				GCC_WARN_64_TO_32_BIT_CONVERSION = YES;
				GCC_WARN_ABOUT_RETURN_TYPE = YES_ERROR;
				GCC_WARN_UNDECLARED_SELECTOR = YES;
				GCC_WARN_UNINITIALIZED_AUTOS = YES;
				GCC_WARN_UNUSED_FUNCTION = YES;
				GCC_WARN_UNUSED_VARIABLE = YES;
				IPHONEOS_DEPLOYMENT_TARGET = 7.0;
				ONLY_ACTIVE_ARCH = YES;
				SDKROOT = iphoneos;
			};
			name = Debug;
		};
		04D72348181F5F810015BBD6 /* Release */ = {
			isa = XCBuildConfiguration;
			buildSettings = {
				ALWAYS_SEARCH_USER_PATHS = NO;
				ARCHS = "$(ARCHS_STANDARD_INCLUDING_64_BIT)";
				CLANG_CXX_LANGUAGE_STANDARD = "gnu++0x";
				CLANG_CXX_LIBRARY = "libc++";
				CLANG_ENABLE_MODULES = YES;
				CLANG_ENABLE_OBJC_ARC = YES;
				CLANG_WARN_BOOL_CONVERSION = YES;
				CLANG_WARN_CONSTANT_CONVERSION = YES;
				CLANG_WARN_DIRECT_OBJC_ISA_USAGE = YES_ERROR;
				CLANG_WARN_EMPTY_BODY = YES;
				CLANG_WARN_ENUM_CONVERSION = YES;
				CLANG_WARN_INT_CONVERSION = YES;
				CLANG_WARN_OBJC_ROOT_CLASS = YES_ERROR;
				CLANG_WARN__DUPLICATE_METHOD_MATCH = YES;
				"CODE_SIGN_IDENTITY[sdk=iphoneos*]" = "iPhone Developer";
				COPY_PHASE_STRIP = YES;
				ENABLE_NS_ASSERTIONS = NO;
				GCC_C_LANGUAGE_STANDARD = gnu99;
				GCC_WARN_64_TO_32_BIT_CONVERSION = YES;
				GCC_WARN_ABOUT_RETURN_TYPE = YES_ERROR;
				GCC_WARN_UNDECLARED_SELECTOR = YES;
				GCC_WARN_UNINITIALIZED_AUTOS = YES;
				GCC_WARN_UNUSED_FUNCTION = YES;
				GCC_WARN_UNUSED_VARIABLE = YES;
				IPHONEOS_DEPLOYMENT_TARGET = 7.0;
				SDKROOT = iphoneos;
				VALIDATE_PRODUCT = YES;
			};
			name = Release;
		};
		04D7234A181F5F810015BBD6 /* Debug */ = {
			isa = XCBuildConfiguration;
			buildSettings = {
				ARCHS = "$(ARCHS_STANDARD)";
				ASSETCATALOG_COMPILER_APPICON_NAME = AppIcon;
				ASSETCATALOG_COMPILER_LAUNCHIMAGE_NAME = LaunchImage;
				GCC_PRECOMPILE_PREFIX_HEADER = YES;
				GCC_PREFIX_HEADER = "EC TEL/EC TEL-Prefix.pch";
				INFOPLIST_FILE = "EC TEL/EC TEL-Info.plist";
				IPHONEOS_DEPLOYMENT_TARGET = 6.0;
				PRODUCT_NAME = "$(TARGET_NAME)";
				WRAPPER_EXTENSION = app;
			};
			name = Debug;
		};
		04D7234B181F5F810015BBD6 /* Release */ = {
			isa = XCBuildConfiguration;
			buildSettings = {
				ARCHS = "$(ARCHS_STANDARD)";
				ASSETCATALOG_COMPILER_APPICON_NAME = AppIcon;
				ASSETCATALOG_COMPILER_LAUNCHIMAGE_NAME = LaunchImage;
				GCC_PRECOMPILE_PREFIX_HEADER = YES;
				GCC_PREFIX_HEADER = "EC TEL/EC TEL-Prefix.pch";
				INFOPLIST_FILE = "EC TEL/EC TEL-Info.plist";
				IPHONEOS_DEPLOYMENT_TARGET = 6.0;
				PRODUCT_NAME = "$(TARGET_NAME)";
				WRAPPER_EXTENSION = app;
			};
			name = Release;
		};
		04D7234D181F5F810015BBD6 /* Debug */ = {
			isa = XCBuildConfiguration;
			buildSettings = {
				ARCHS = "$(ARCHS_STANDARD_INCLUDING_64_BIT)";
				BUNDLE_LOADER = "$(BUILT_PRODUCTS_DIR)/EC TEL.app/EC TEL";
				FRAMEWORK_SEARCH_PATHS = (
					"$(SDKROOT)/Developer/Library/Frameworks",
					"$(inherited)",
					"$(DEVELOPER_FRAMEWORKS_DIR)",
				);
				GCC_PRECOMPILE_PREFIX_HEADER = YES;
				GCC_PREFIX_HEADER = "EC TEL/EC TEL-Prefix.pch";
				GCC_PREPROCESSOR_DEFINITIONS = (
					"DEBUG=1",
					"$(inherited)",
				);
				INFOPLIST_FILE = "EC TELTests/EC TELTests-Info.plist";
				PRODUCT_NAME = "$(TARGET_NAME)";
				TEST_HOST = "$(BUNDLE_LOADER)";
				WRAPPER_EXTENSION = xctest;
			};
			name = Debug;
		};
		04D7234E181F5F810015BBD6 /* Release */ = {
			isa = XCBuildConfiguration;
			buildSettings = {
				ARCHS = "$(ARCHS_STANDARD_INCLUDING_64_BIT)";
				BUNDLE_LOADER = "$(BUILT_PRODUCTS_DIR)/EC TEL.app/EC TEL";
				FRAMEWORK_SEARCH_PATHS = (
					"$(SDKROOT)/Developer/Library/Frameworks",
					"$(inherited)",
					"$(DEVELOPER_FRAMEWORKS_DIR)",
				);
				GCC_PRECOMPILE_PREFIX_HEADER = YES;
				GCC_PREFIX_HEADER = "EC TEL/EC TEL-Prefix.pch";
				INFOPLIST_FILE = "EC TELTests/EC TELTests-Info.plist";
				PRODUCT_NAME = "$(TARGET_NAME)";
				TEST_HOST = "$(BUNDLE_LOADER)";
				WRAPPER_EXTENSION = xctest;
			};
			name = Release;
		};
/* End XCBuildConfiguration section */

/* Begin XCConfigurationList section */
		04D72309181F5F810015BBD6 /* Build configuration list for PBXProject "EC TEL" */ = {
			isa = XCConfigurationList;
			buildConfigurations = (
				04D72347181F5F810015BBD6 /* Debug */,
				04D72348181F5F810015BBD6 /* Release */,
			);
			defaultConfigurationIsVisible = 0;
			defaultConfigurationName = Release;
		};
		04D72349181F5F810015BBD6 /* Build configuration list for PBXNativeTarget "EC TEL" */ = {
			isa = XCConfigurationList;
			buildConfigurations = (
				04D7234A181F5F810015BBD6 /* Debug */,
				04D7234B181F5F810015BBD6 /* Release */,
			);
			defaultConfigurationIsVisible = 0;
			defaultConfigurationName = Release;
		};
		04D7234C181F5F810015BBD6 /* Build configuration list for PBXNativeTarget "EC TELTests" */ = {
			isa = XCConfigurationList;
			buildConfigurations = (
				04D7234D181F5F810015BBD6 /* Debug */,
				04D7234E181F5F810015BBD6 /* Release */,
			);
			defaultConfigurationIsVisible = 0;
			defaultConfigurationName = Release;
		};
/* End XCConfigurationList section */

/* Begin XCVersionGroup section */
		04E8F9E91823350F00A5576F /* EC_TEL.xcdatamodeld */ = {
			isa = XCVersionGroup;
			children = (
				04E8F9EA1823350F00A5576F /* EC_TEL.xcdatamodel */,
			);
			currentVersion = 04E8F9EA1823350F00A5576F /* EC_TEL.xcdatamodel */;
			path = EC_TEL.xcdatamodeld;
			sourceTree = "<group>";
			versionGroupType = wrapper.xcdatamodel;
		};
/* End XCVersionGroup section */
	};
	rootObject = 04D72306181F5F810015BBD6 /* Project object */;
}
